// !$*UTF8*$!
{
	archiveVersion = 1;
	classes = {
	};
	objectVersion = 46;
	objects = {

/* Begin PBXBuildFile section */
		0FF23BE018F8A2DB00B2F693 /* Foundation.framework in Frameworks */ = {isa = PBXBuildFile; fileRef = 0FF23BDF18F8A2DB00B2F693 /* Foundation.framework */; };
		0FF23BE218F8A2DB00B2F693 /* CoreGraphics.framework in Frameworks */ = {isa = PBXBuildFile; fileRef = 0FF23BE118F8A2DB00B2F693 /* CoreGraphics.framework */; };
		0FF23BE418F8A2DB00B2F693 /* UIKit.framework in Frameworks */ = {isa = PBXBuildFile; fileRef = 0FF23BE318F8A2DB00B2F693 /* UIKit.framework */; };
		0FF23BEA18F8A2DB00B2F693 /* InfoPlist.strings in Resources */ = {isa = PBXBuildFile; fileRef = 0FF23BE818F8A2DB00B2F693 /* InfoPlist.strings */; };
		0FF23BEC18F8A2DB00B2F693 /* main.m in Sources */ = {isa = PBXBuildFile; fileRef = 0FF23BEB18F8A2DB00B2F693 /* main.m */; };
		0FF23BF018F8A2DB00B2F693 /* CTAppDelegate.m in Sources */ = {isa = PBXBuildFile; fileRef = 0FF23BEF18F8A2DB00B2F693 /* CTAppDelegate.m */; };
		0FF23BF318F8A2DB00B2F693 /* Main.storyboard in Resources */ = {isa = PBXBuildFile; fileRef = 0FF23BF118F8A2DB00B2F693 /* Main.storyboard */; };
		0FF23BF618F8A2DB00B2F693 /* CTViewController.m in Sources */ = {isa = PBXBuildFile; fileRef = 0FF23BF518F8A2DB00B2F693 /* CTViewController.m */; };
		0FF23BF818F8A2DB00B2F693 /* Images.xcassets in Resources */ = {isa = PBXBuildFile; fileRef = 0FF23BF718F8A2DB00B2F693 /* Images.xcassets */; };
		0FF23BFF18F8A2DB00B2F693 /* XCTest.framework in Frameworks */ = {isa = PBXBuildFile; fileRef = 0FF23BFE18F8A2DB00B2F693 /* XCTest.framework */; };
		0FF23C0018F8A2DB00B2F693 /* Foundation.framework in Frameworks */ = {isa = PBXBuildFile; fileRef = 0FF23BDF18F8A2DB00B2F693 /* Foundation.framework */; };
		0FF23C0118F8A2DB00B2F693 /* UIKit.framework in Frameworks */ = {isa = PBXBuildFile; fileRef = 0FF23BE318F8A2DB00B2F693 /* UIKit.framework */; };
		0FF23C0918F8A2DB00B2F693 /* InfoPlist.strings in Resources */ = {isa = PBXBuildFile; fileRef = 0FF23C0718F8A2DB00B2F693 /* InfoPlist.strings */; };
		0FF23C0B18F8A2DB00B2F693 /* CollegeTickrTests.m in Sources */ = {isa = PBXBuildFile; fileRef = 0FF23C0A18F8A2DB00B2F693 /* CollegeTickrTests.m */; };
		5053927C18FE6381001E6332 /* FacebookSDK.framework in Frameworks */ = {isa = PBXBuildFile; fileRef = 5053927B18FE6381001E6332 /* FacebookSDK.framework */; };
		5053929118FFB66C001E6332 /* MyTokenCachingStrategy.m in Sources */ = {isa = PBXBuildFile; fileRef = 5053929018FFB66C001E6332 /* MyTokenCachingStrategy.m */; };
/* End PBXBuildFile section */

/* Begin PBXContainerItemProxy section */
		0FF23C0218F8A2DB00B2F693 /* PBXContainerItemProxy */ = {
			isa = PBXContainerItemProxy;
			containerPortal = 0FF23BD418F8A2DA00B2F693 /* Project object */;
			proxyType = 1;
			remoteGlobalIDString = 0FF23BDB18F8A2DB00B2F693;
			remoteInfo = CollegeTickr;
		};
/* End PBXContainerItemProxy section */

/* Begin PBXFileReference section */
		0FF23BDC18F8A2DB00B2F693 /* CollegeTickr.app */ = {isa = PBXFileReference; explicitFileType = wrapper.application; includeInIndex = 0; path = CollegeTickr.app; sourceTree = BUILT_PRODUCTS_DIR; };
		0FF23BDF18F8A2DB00B2F693 /* Foundation.framework */ = {isa = PBXFileReference; lastKnownFileType = wrapper.framework; name = Foundation.framework; path = System/Library/Frameworks/Foundation.framework; sourceTree = SDKROOT; };
		0FF23BE118F8A2DB00B2F693 /* CoreGraphics.framework */ = {isa = PBXFileReference; lastKnownFileType = wrapper.framework; name = CoreGraphics.framework; path = System/Library/Frameworks/CoreGraphics.framework; sourceTree = SDKROOT; };
		0FF23BE318F8A2DB00B2F693 /* UIKit.framework */ = {isa = PBXFileReference; lastKnownFileType = wrapper.framework; name = UIKit.framework; path = System/Library/Frameworks/UIKit.framework; sourceTree = SDKROOT; };
		0FF23BE718F8A2DB00B2F693 /* CollegeTickr-Info.plist */ = {isa = PBXFileReference; lastKnownFileType = text.plist.xml; path = "CollegeTickr-Info.plist"; sourceTree = "<group>"; };
		0FF23BE918F8A2DB00B2F693 /* en */ = {isa = PBXFileReference; lastKnownFileType = text.plist.strings; name = en; path = en.lproj/InfoPlist.strings; sourceTree = "<group>"; };
		0FF23BEB18F8A2DB00B2F693 /* main.m */ = {isa = PBXFileReference; lastKnownFileType = sourcecode.c.objc; path = main.m; sourceTree = "<group>"; };
		0FF23BED18F8A2DB00B2F693 /* CollegeTickr-Prefix.pch */ = {isa = PBXFileReference; lastKnownFileType = sourcecode.c.h; path = "CollegeTickr-Prefix.pch"; sourceTree = "<group>"; };
		0FF23BEE18F8A2DB00B2F693 /* CTAppDelegate.h */ = {isa = PBXFileReference; lastKnownFileType = sourcecode.c.h; path = CTAppDelegate.h; sourceTree = "<group>"; };
		0FF23BEF18F8A2DB00B2F693 /* CTAppDelegate.m */ = {isa = PBXFileReference; lastKnownFileType = sourcecode.c.objc; path = CTAppDelegate.m; sourceTree = "<group>"; };
		0FF23BF218F8A2DB00B2F693 /* Base */ = {isa = PBXFileReference; lastKnownFileType = file.storyboard; name = Base; path = Base.lproj/Main.storyboard; sourceTree = "<group>"; };
		0FF23BF418F8A2DB00B2F693 /* CTViewController.h */ = {isa = PBXFileReference; lastKnownFileType = sourcecode.c.h; path = CTViewController.h; sourceTree = "<group>"; };
		0FF23BF518F8A2DB00B2F693 /* CTViewController.m */ = {isa = PBXFileReference; lastKnownFileType = sourcecode.c.objc; path = CTViewController.m; sourceTree = "<group>"; };
		0FF23BF718F8A2DB00B2F693 /* Images.xcassets */ = {isa = PBXFileReference; lastKnownFileType = folder.assetcatalog; path = Images.xcassets; sourceTree = "<group>"; };
		0FF23BFD18F8A2DB00B2F693 /* CollegeTickrTests.xctest */ = {isa = PBXFileReference; explicitFileType = wrapper.cfbundle; includeInIndex = 0; path = CollegeTickrTests.xctest; sourceTree = BUILT_PRODUCTS_DIR; };
		0FF23BFE18F8A2DB00B2F693 /* XCTest.framework */ = {isa = PBXFileReference; lastKnownFileType = wrapper.framework; name = XCTest.framework; path = Library/Frameworks/XCTest.framework; sourceTree = DEVELOPER_DIR; };
		0FF23C0618F8A2DB00B2F693 /* CollegeTickrTests-Info.plist */ = {isa = PBXFileReference; lastKnownFileType = text.plist.xml; path = "CollegeTickrTests-Info.plist"; sourceTree = "<group>"; };
		0FF23C0818F8A2DB00B2F693 /* en */ = {isa = PBXFileReference; lastKnownFileType = text.plist.strings; name = en; path = en.lproj/InfoPlist.strings; sourceTree = "<group>"; };
		0FF23C0A18F8A2DB00B2F693 /* CollegeTickrTests.m */ = {isa = PBXFileReference; lastKnownFileType = sourcecode.c.objc; path = CollegeTickrTests.m; sourceTree = "<group>"; };
		5053927B18FE6381001E6332 /* FacebookSDK.framework */ = {isa = PBXFileReference; lastKnownFileType = wrapper.framework; name = FacebookSDK.framework; path = ../../../../../Documents/FacebookSDK/FacebookSDK.framework; sourceTree = "<group>"; };
		5053928F18FFB66C001E6332 /* MyTokenCachingStrategy.h */ = {isa = PBXFileReference; fileEncoding = 4; lastKnownFileType = sourcecode.c.h; path = MyTokenCachingStrategy.h; sourceTree = "<group>"; };
		5053929018FFB66C001E6332 /* MyTokenCachingStrategy.m */ = {isa = PBXFileReference; fileEncoding = 4; lastKnownFileType = sourcecode.c.objc; path = MyTokenCachingStrategy.m; sourceTree = "<group>"; };
/* End PBXFileReference section */

/* Begin PBXFrameworksBuildPhase section */
		0FF23BD918F8A2DB00B2F693 /* Frameworks */ = {
			isa = PBXFrameworksBuildPhase;
			buildActionMask = 2147483647;
			files = (
				0FF23BE218F8A2DB00B2F693 /* CoreGraphics.framework in Frameworks */,
				5053927C18FE6381001E6332 /* FacebookSDK.framework in Frameworks */,
				0FF23BE418F8A2DB00B2F693 /* UIKit.framework in Frameworks */,
				0FF23BE018F8A2DB00B2F693 /* Foundation.framework in Frameworks */,
			);
			runOnlyForDeploymentPostprocessing = 0;
		};
		0FF23BFA18F8A2DB00B2F693 /* Frameworks */ = {
			isa = PBXFrameworksBuildPhase;
			buildActionMask = 2147483647;
			files = (
				0FF23BFF18F8A2DB00B2F693 /* XCTest.framework in Frameworks */,
				0FF23C0118F8A2DB00B2F693 /* UIKit.framework in Frameworks */,
				0FF23C0018F8A2DB00B2F693 /* Foundation.framework in Frameworks */,
			);
			runOnlyForDeploymentPostprocessing = 0;
		};
/* End PBXFrameworksBuildPhase section */

/* Begin PBXGroup section */
		0FF23BD318F8A2DA00B2F693 = {
			isa = PBXGroup;
			children = (
				0FF23BE518F8A2DB00B2F693 /* CollegeTickr */,
				0FF23C0418F8A2DB00B2F693 /* CollegeTickrTests */,
				0FF23BDE18F8A2DB00B2F693 /* Frameworks */,
				0FF23BDD18F8A2DB00B2F693 /* Products */,
			);
			sourceTree = "<group>";
		};
		0FF23BDD18F8A2DB00B2F693 /* Products */ = {
			isa = PBXGroup;
			children = (
				0FF23BDC18F8A2DB00B2F693 /* CollegeTickr.app */,
				0FF23BFD18F8A2DB00B2F693 /* CollegeTickrTests.xctest */,
			);
			name = Products;
			sourceTree = "<group>";
		};
		0FF23BDE18F8A2DB00B2F693 /* Frameworks */ = {
			isa = PBXGroup;
			children = (
				5053927B18FE6381001E6332 /* FacebookSDK.framework */,
				0FF23BDF18F8A2DB00B2F693 /* Foundation.framework */,
				0FF23BE118F8A2DB00B2F693 /* CoreGraphics.framework */,
				0FF23BE318F8A2DB00B2F693 /* UIKit.framework */,
				0FF23BFE18F8A2DB00B2F693 /* XCTest.framework */,
			);
			name = Frameworks;
			sourceTree = "<group>";
		};
		0FF23BE518F8A2DB00B2F693 /* CollegeTickr */ = {
			isa = PBXGroup;
			children = (
				5053929218FFB675001E6332 /* FB_Token_Cache */,
				0FF23BEE18F8A2DB00B2F693 /* CTAppDelegate.h */,
				0FF23BEF18F8A2DB00B2F693 /* CTAppDelegate.m */,
				0FF23BF118F8A2DB00B2F693 /* Main.storyboard */,
				0FF23BF418F8A2DB00B2F693 /* CTViewController.h */,
				0FF23BF518F8A2DB00B2F693 /* CTViewController.m */,
				0FF23BF718F8A2DB00B2F693 /* Images.xcassets */,
				0FF23BE618F8A2DB00B2F693 /* Supporting Files */,
			);
			path = CollegeTickr;
			sourceTree = "<group>";
		};
		0FF23BE618F8A2DB00B2F693 /* Supporting Files */ = {
			isa = PBXGroup;
			children = (
				0FF23BE718F8A2DB00B2F693 /* CollegeTickr-Info.plist */,
				0FF23BE818F8A2DB00B2F693 /* InfoPlist.strings */,
				0FF23BEB18F8A2DB00B2F693 /* main.m */,
				0FF23BED18F8A2DB00B2F693 /* CollegeTickr-Prefix.pch */,
			);
			name = "Supporting Files";
			sourceTree = "<group>";
		};
		0FF23C0418F8A2DB00B2F693 /* CollegeTickrTests */ = {
			isa = PBXGroup;
			children = (
				0FF23C0A18F8A2DB00B2F693 /* CollegeTickrTests.m */,
				0FF23C0518F8A2DB00B2F693 /* Supporting Files */,
			);
			path = CollegeTickrTests;
			sourceTree = "<group>";
		};
		0FF23C0518F8A2DB00B2F693 /* Supporting Files */ = {
			isa = PBXGroup;
			children = (
				0FF23C0618F8A2DB00B2F693 /* CollegeTickrTests-Info.plist */,
				0FF23C0718F8A2DB00B2F693 /* InfoPlist.strings */,
			);
			name = "Supporting Files";
			sourceTree = "<group>";
		};
		5053929218FFB675001E6332 /* FB_Token_Cache */ = {
			isa = PBXGroup;
			children = (
				5053928F18FFB66C001E6332 /* MyTokenCachingStrategy.h */,
				5053929018FFB66C001E6332 /* MyTokenCachingStrategy.m */,
			);
			name = FB_Token_Cache;
			sourceTree = "<group>";
		};
/* End PBXGroup section */

/* Begin PBXNativeTarget section */
		0FF23BDB18F8A2DB00B2F693 /* CollegeTickr */ = {
			isa = PBXNativeTarget;
			buildConfigurationList = 0FF23C0E18F8A2DB00B2F693 /* Build configuration list for PBXNativeTarget "CollegeTickr" */;
			buildPhases = (
				0FF23BD818F8A2DB00B2F693 /* Sources */,
				0FF23BD918F8A2DB00B2F693 /* Frameworks */,
				0FF23BDA18F8A2DB00B2F693 /* Resources */,
			);
			buildRules = (
			);
			dependencies = (
			);
			name = CollegeTickr;
			productName = CollegeTickr;
			productReference = 0FF23BDC18F8A2DB00B2F693 /* CollegeTickr.app */;
			productType = "com.apple.product-type.application";
		};
		0FF23BFC18F8A2DB00B2F693 /* CollegeTickrTests */ = {
			isa = PBXNativeTarget;
			buildConfigurationList = 0FF23C1118F8A2DB00B2F693 /* Build configuration list for PBXNativeTarget "CollegeTickrTests" */;
			buildPhases = (
				0FF23BF918F8A2DB00B2F693 /* Sources */,
				0FF23BFA18F8A2DB00B2F693 /* Frameworks */,
				0FF23BFB18F8A2DB00B2F693 /* Resources */,
			);
			buildRules = (
			);
			dependencies = (
				0FF23C0318F8A2DB00B2F693 /* PBXTargetDependency */,
			);
			name = CollegeTickrTests;
			productName = CollegeTickrTests;
			productReference = 0FF23BFD18F8A2DB00B2F693 /* CollegeTickrTests.xctest */;
			productType = "com.apple.product-type.bundle.unit-test";
		};
/* End PBXNativeTarget section */

/* Begin PBXProject section */
		0FF23BD418F8A2DA00B2F693 /* Project object */ = {
			isa = PBXProject;
			attributes = {
				CLASSPREFIX = CT;
				LastUpgradeCheck = 0500;
				ORGANIZATIONNAME = "Yan Zhang";
				TargetAttributes = {
					0FF23BFC18F8A2DB00B2F693 = {
						TestTargetID = 0FF23BDB18F8A2DB00B2F693;
					};
				};
			};
			buildConfigurationList = 0FF23BD718F8A2DA00B2F693 /* Build configuration list for PBXProject "CollegeTickr" */;
			compatibilityVersion = "Xcode 3.2";
			developmentRegion = English;
			hasScannedForEncodings = 0;
			knownRegions = (
				en,
				Base,
			);
			mainGroup = 0FF23BD318F8A2DA00B2F693;
			productRefGroup = 0FF23BDD18F8A2DB00B2F693 /* Products */;
			projectDirPath = "";
			projectRoot = "";
			targets = (
				0FF23BDB18F8A2DB00B2F693 /* CollegeTickr */,
				0FF23BFC18F8A2DB00B2F693 /* CollegeTickrTests */,
			);
		};
/* End PBXProject section */

/* Begin PBXResourcesBuildPhase section */
		0FF23BDA18F8A2DB00B2F693 /* Resources */ = {
			isa = PBXResourcesBuildPhase;
			buildActionMask = 2147483647;
			files = (
				0FF23BF818F8A2DB00B2F693 /* Images.xcassets in Resources */,
				0FF23BEA18F8A2DB00B2F693 /* InfoPlist.strings in Resources */,
				0FF23BF318F8A2DB00B2F693 /* Main.storyboard in Resources */,
			);
			runOnlyForDeploymentPostprocessing = 0;
		};
		0FF23BFB18F8A2DB00B2F693 /* Resources */ = {
			isa = PBXResourcesBuildPhase;
			buildActionMask = 2147483647;
			files = (
				0FF23C0918F8A2DB00B2F693 /* InfoPlist.strings in Resources */,
			);
			runOnlyForDeploymentPostprocessing = 0;
		};
/* End PBXResourcesBuildPhase section */

/* Begin PBXSourcesBuildPhase section */
		0FF23BD818F8A2DB00B2F693 /* Sources */ = {
			isa = PBXSourcesBuildPhase;
			buildActionMask = 2147483647;
			files = (
				0FF23BEC18F8A2DB00B2F693 /* main.m in Sources */,
				0FF23BF018F8A2DB00B2F693 /* CTAppDelegate.m in Sources */,
				5053929118FFB66C001E6332 /* MyTokenCachingStrategy.m in Sources */,
				0FF23BF618F8A2DB00B2F693 /* CTViewController.m in Sources */,
			);
			runOnlyForDeploymentPostprocessing = 0;
		};
		0FF23BF918F8A2DB00B2F693 /* Sources */ = {
			isa = PBXSourcesBuildPhase;
			buildActionMask = 2147483647;
			files = (
				0FF23C0B18F8A2DB00B2F693 /* CollegeTickrTests.m in Sources */,
			);
			runOnlyForDeploymentPostprocessing = 0;
		};
/* End PBXSourcesBuildPhase section */

/* Begin PBXTargetDependency section */
		0FF23C0318F8A2DB00B2F693 /* PBXTargetDependency */ = {
			isa = PBXTargetDependency;
			target = 0FF23BDB18F8A2DB00B2F693 /* CollegeTickr */;
			targetProxy = 0FF23C0218F8A2DB00B2F693 /* PBXContainerItemProxy */;
		};
/* End PBXTargetDependency section */

/* Begin PBXVariantGroup section */
		0FF23BE818F8A2DB00B2F693 /* InfoPlist.strings */ = {
			isa = PBXVariantGroup;
			children = (
				0FF23BE918F8A2DB00B2F693 /* en */,
			);
			name = InfoPlist.strings;
			sourceTree = "<group>";
		};
		0FF23BF118F8A2DB00B2F693 /* Main.storyboard */ = {
			isa = PBXVariantGroup;
			children = (
				0FF23BF218F8A2DB00B2F693 /* Base */,
			);
			name = Main.storyboard;
			sourceTree = "<group>";
		};
		0FF23C0718F8A2DB00B2F693 /* InfoPlist.strings */ = {
			isa = PBXVariantGroup;
			children = (
				0FF23C0818F8A2DB00B2F693 /* en */,
			);
			name = InfoPlist.strings;
			sourceTree = "<group>";
		};
/* End PBXVariantGroup section */

/* Begin XCBuildConfiguration section */
		0FF23C0C18F8A2DB00B2F693 /* Debug */ = {
			isa = XCBuildConfiguration;
			buildSettings = {
				ALWAYS_SEARCH_USER_PATHS = NO;
				ARCHS = "$(ARCHS_STANDARD_INCLUDING_64_BIT)";
				CLANG_CXX_LANGUAGE_STANDARD = "gnu++0x";
				CLANG_CXX_LIBRARY = "libc++";
				CLANG_ENABLE_MODULES = YES;
				CLANG_ENABLE_OBJC_ARC = YES;
				CLANG_WARN_BOOL_CONVERSION = YES;
				CLANG_WARN_CONSTANT_CONVERSION = YES;
				CLANG_WARN_DIRECT_OBJC_ISA_USAGE = YES_ERROR;
				CLANG_WARN_EMPTY_BODY = YES;
				CLANG_WARN_ENUM_CONVERSION = YES;
				CLANG_WARN_INT_CONVERSION = YES;
				CLANG_WARN_OBJC_ROOT_CLASS = YES_ERROR;
				CLANG_WARN__DUPLICATE_METHOD_MATCH = YES;
				"CODE_SIGN_IDENTITY[sdk=iphoneos*]" = "iPhone Developer";
				COPY_PHASE_STRIP = NO;
				GCC_C_LANGUAGE_STANDARD = gnu99;
				GCC_DYNAMIC_NO_PIC = NO;
				GCC_OPTIMIZATION_LEVEL = 0;
				GCC_PREPROCESSOR_DEFINITIONS = (
					"DEBUG=1",
					"$(inherited)",
				);
				GCC_SYMBOLS_PRIVATE_EXTERN = NO;
				GCC_WARN_64_TO_32_BIT_CONVERSION = YES;
				GCC_WARN_ABOUT_RETURN_TYPE = YES_ERROR;
				GCC_WARN_UNDECLARED_SELECTOR = YES;
				GCC_WARN_UNINITIALIZED_AUTOS = YES;
				GCC_WARN_UNUSED_FUNCTION = YES;
				GCC_WARN_UNUSED_VARIABLE = YES;
				IPHONEOS_DEPLOYMENT_TARGET = 7.0;
				ONLY_ACTIVE_ARCH = YES;
				SDKROOT = iphoneos;
			};
			name = Debug;
		};
		0FF23C0D18F8A2DB00B2F693 /* Release */ = {
			isa = XCBuildConfiguration;
			buildSettings = {
				ALWAYS_SEARCH_USER_PATHS = NO;
				ARCHS = "$(ARCHS_STANDARD_INCLUDING_64_BIT)";
				CLANG_CXX_LANGUAGE_STANDARD = "gnu++0x";
				CLANG_CXX_LIBRARY = "libc++";
				CLANG_ENABLE_MODULES = YES;
				CLANG_ENABLE_OBJC_ARC = YES;
				CLANG_WARN_BOOL_CONVERSION = YES;
				CLANG_WARN_CONSTANT_CONVERSION = YES;
				CLANG_WARN_DIRECT_OBJC_ISA_USAGE = YES_ERROR;
				CLANG_WARN_EMPTY_BODY = YES;
				CLANG_WARN_ENUM_CONVERSION = YES;
				CLANG_WARN_INT_CONVERSION = YES;
				CLANG_WARN_OBJC_ROOT_CLASS = YES_ERROR;
				CLANG_WARN__DUPLICATE_METHOD_MATCH = YES;
				"CODE_SIGN_IDENTITY[sdk=iphoneos*]" = "iPhone Developer";
				COPY_PHASE_STRIP = YES;
				ENABLE_NS_ASSERTIONS = NO;
				GCC_C_LANGUAGE_STANDARD = gnu99;
				GCC_WARN_64_TO_32_BIT_CONVERSION = YES;
				GCC_WARN_ABOUT_RETURN_TYPE = YES_ERROR;
				GCC_WARN_UNDECLARED_SELECTOR = YES;
				GCC_WARN_UNINITIALIZED_AUTOS = YES;
				GCC_WARN_UNUSED_FUNCTION = YES;
				GCC_WARN_UNUSED_VARIABLE = YES;
				IPHONEOS_DEPLOYMENT_TARGET = 7.0;
				SDKROOT = iphoneos;
				VALIDATE_PRODUCT = YES;
			};
			name = Release;
		};
		0FF23C0F18F8A2DB00B2F693 /* Debug */ = {
			isa = XCBuildConfiguration;
			buildSettings = {
				ASSETCATALOG_COMPILER_APPICON_NAME = AppIcon;
				ASSETCATALOG_COMPILER_LAUNCHIMAGE_NAME = LaunchImage;
				FRAMEWORK_SEARCH_PATHS = (
					"$(inherited)",
					/Users/max/Documents/FacebookSDK,
				);
				GCC_PRECOMPILE_PREFIX_HEADER = YES;
				GCC_PREFIX_HEADER = "CollegeTickr/CollegeTickr-Prefix.pch";
				INFOPLIST_FILE = "CollegeTickr/CollegeTickr-Info.plist";
				PRODUCT_NAME = "$(TARGET_NAME)";
				WRAPPER_EXTENSION = app;
			};
			name = Debug;
		};
		0FF23C1018F8A2DB00B2F693 /* Release */ = {
			isa = XCBuildConfiguration;
			buildSettings = {
				ASSETCATALOG_COMPILER_APPICON_NAME = AppIcon;
				ASSETCATALOG_COMPILER_LAUNCHIMAGE_NAME = LaunchImage;
				FRAMEWORK_SEARCH_PATHS = (
					"$(inherited)",
					/Users/max/Documents/FacebookSDK,
				);
				GCC_PRECOMPILE_PREFIX_HEADER = YES;
				GCC_PREFIX_HEADER = "CollegeTickr/CollegeTickr-Prefix.pch";
				INFOPLIST_FILE = "CollegeTickr/CollegeTickr-Info.plist";
				PRODUCT_NAME = "$(TARGET_NAME)";
				WRAPPER_EXTENSION = app;
			};
			name = Release;
		};
		0FF23C1218F8A2DB00B2F693 /* Debug */ = {
			isa = XCBuildConfiguration;
			buildSettings = {
				ARCHS = "$(ARCHS_STANDARD_INCLUDING_64_BIT)";
				BUNDLE_LOADER = "$(BUILT_PRODUCTS_DIR)/CollegeTickr.app/CollegeTickr";
				FRAMEWORK_SEARCH_PATHS = (
					"$(SDKROOT)/Developer/Library/Frameworks",
					"$(inherited)",
					"$(DEVELOPER_FRAMEWORKS_DIR)",
				);
				GCC_PRECOMPILE_PREFIX_HEADER = YES;
				GCC_PREFIX_HEADER = "CollegeTickr/CollegeTickr-Prefix.pch";
				GCC_PREPROCESSOR_DEFINITIONS = (
					"DEBUG=1",
					"$(inherited)",
				);
				INFOPLIST_FILE = "CollegeTickrTests/CollegeTickrTests-Info.plist";
				PRODUCT_NAME = "$(TARGET_NAME)";
				TEST_HOST = "$(BUNDLE_LOADER)";
				WRAPPER_EXTENSION = xctest;
			};
			name = Debug;
		};
		0FF23C1318F8A2DB00B2F693 /* Release */ = {
			isa = XCBuildConfiguration;
			buildSettings = {
				ARCHS = "$(ARCHS_STANDARD_INCLUDING_64_BIT)";
				BUNDLE_LOADER = "$(BUILT_PRODUCTS_DIR)/CollegeTickr.app/CollegeTickr";
				FRAMEWORK_SEARCH_PATHS = (
					"$(SDKROOT)/Developer/Library/Frameworks",
					"$(inherited)",
					"$(DEVELOPER_FRAMEWORKS_DIR)",
				);
				GCC_PRECOMPILE_PREFIX_HEADER = YES;
				GCC_PREFIX_HEADER = "CollegeTickr/CollegeTickr-Prefix.pch";
				INFOPLIST_FILE = "CollegeTickrTests/CollegeTickrTests-Info.plist";
				PRODUCT_NAME = "$(TARGET_NAME)";
				TEST_HOST = "$(BUNDLE_LOADER)";
				WRAPPER_EXTENSION = xctest;
			};
			name = Release;
		};
/* End XCBuildConfiguration section */

/* Begin XCConfigurationList section */
		0FF23BD718F8A2DA00B2F693 /* Build configuration list for PBXProject "CollegeTickr" */ = {
			isa = XCConfigurationList;
			buildConfigurations = (
				0FF23C0C18F8A2DB00B2F693 /* Debug */,
				0FF23C0D18F8A2DB00B2F693 /* Release */,
			);
			defaultConfigurationIsVisible = 0;
			defaultConfigurationName = Release;
		};
		0FF23C0E18F8A2DB00B2F693 /* Build configuration list for PBXNativeTarget "CollegeTickr" */ = {
			isa = XCConfigurationList;
			buildConfigurations = (
				0FF23C0F18F8A2DB00B2F693 /* Debug */,
				0FF23C1018F8A2DB00B2F693 /* Release */,
			);
			defaultConfigurationIsVisible = 0;
			defaultConfigurationName = Release;
		};
		0FF23C1118F8A2DB00B2F693 /* Build configuration list for PBXNativeTarget "CollegeTickrTests" */ = {
			isa = XCConfigurationList;
			buildConfigurations = (
				0FF23C1218F8A2DB00B2F693 /* Debug */,
				0FF23C1318F8A2DB00B2F693 /* Release */,
			);
			defaultConfigurationIsVisible = 0;
			defaultConfigurationName = Release;
		};
/* End XCConfigurationList section */
	};
	rootObject = 0FF23BD418F8A2DA00B2F693 /* Project object */;
}
