<?xml version="1.0" encoding="UTF-8"?>
<!DOCTYPE plist PUBLIC "-//Apple//DTD PLIST 1.0//EN" "http://www.apple.com/DTDs/PropertyList-1.0.dtd">
<plist version="1.0">
<dict>
	<key>archiveVersion</key>
	<string>1</string>
	<key>classes</key>
	<dict/>
	<key>objectVersion</key>
	<string>46</string>
	<key>objects</key>
	<dict>
		<key>0A2CA183ED154D1289083553</key>
		<dict>
			<key>includeInIndex</key>
			<string>1</string>
			<key>isa</key>
			<string>PBXFileReference</string>
			<key>lastKnownFileType</key>
			<string>text.xcconfig</string>
			<key>name</key>
			<string>Pods.xcconfig</string>
			<key>path</key>
			<string>Pods/Pods.xcconfig</string>
			<key>sourceTree</key>
			<string>&lt;group&gt;</string>
		</dict>
		<key>0F638BA318FE5A3600B95F38</key>
		<dict>
			<key>children</key>
			<array>
				<string>0F638BDB18FE615300B95F38</string>
				<string>0F638BEF18FE615400B95F38</string>
			</array>
			<key>isa</key>
			<string>PBXGroup</string>
			<key>name</key>
			<string>Third-Party</string>
			<key>path</key>
			<string>..</string>
			<key>sourceTree</key>
			<string>&lt;group&gt;</string>
		</dict>
		<key>0F638BDB18FE615300B95F38</key>
		<dict>
			<key>children</key>
			<array>
				<string>0F638BDC18FE615300B95F38</string>
				<string>0F638BDD18FE615300B95F38</string>
				<string>0F638BDE18FE615300B95F38</string>
				<string>0F638BDF18FE615300B95F38</string>
				<string>0F638BE018FE615300B95F38</string>
				<string>0F638BE118FE615300B95F38</string>
				<string>0F638BE218FE615300B95F38</string>
				<string>0F638BE318FE615300B95F38</string>
				<string>0F638BE418FE615300B95F38</string>
				<string>0F638BE518FE615300B95F38</string>
				<string>0F638BE618FE615300B95F38</string>
				<string>0F638BE718FE615300B95F38</string>
				<string>0F638BE818FE615300B95F38</string>
				<string>0F638BE918FE615300B95F38</string>
				<string>0F638BEA18FE615300B95F38</string>
				<string>0F638BEB18FE615300B95F38</string>
				<string>0F638BEC18FE615300B95F38</string>
				<string>0F638BED18FE615300B95F38</string>
				<string>0F638BEE18FE615400B95F38</string>
			</array>
			<key>isa</key>
			<string>PBXGroup</string>
			<key>name</key>
			<string>AFNetworking</string>
			<key>path</key>
			<string>CollegeTickr/Third_Party/AFNetworking</string>
			<key>sourceTree</key>
			<string>&lt;group&gt;</string>
		</dict>
		<key>0F638BDC18FE615300B95F38</key>
		<dict>
			<key>fileEncoding</key>
			<string>4</string>
			<key>isa</key>
			<string>PBXFileReference</string>
			<key>lastKnownFileType</key>
			<string>sourcecode.c.h</string>
			<key>path</key>
			<string>AFHTTPRequestOperation.h</string>
			<key>sourceTree</key>
			<string>&lt;group&gt;</string>
		</dict>
		<key>0F638BDD18FE615300B95F38</key>
		<dict>
			<key>fileEncoding</key>
			<string>4</string>
			<key>isa</key>
			<string>PBXFileReference</string>
			<key>lastKnownFileType</key>
			<string>sourcecode.c.objc</string>
			<key>path</key>
			<string>AFHTTPRequestOperation.m</string>
			<key>sourceTree</key>
			<string>&lt;group&gt;</string>
		</dict>
		<key>0F638BDE18FE615300B95F38</key>
		<dict>
			<key>fileEncoding</key>
			<string>4</string>
			<key>isa</key>
			<string>PBXFileReference</string>
			<key>lastKnownFileType</key>
			<string>sourcecode.c.h</string>
			<key>path</key>
			<string>AFHTTPRequestOperationManager.h</string>
			<key>sourceTree</key>
			<string>&lt;group&gt;</string>
		</dict>
		<key>0F638BDF18FE615300B95F38</key>
		<dict>
			<key>fileEncoding</key>
			<string>4</string>
			<key>isa</key>
			<string>PBXFileReference</string>
			<key>lastKnownFileType</key>
			<string>sourcecode.c.objc</string>
			<key>path</key>
			<string>AFHTTPRequestOperationManager.m</string>
			<key>sourceTree</key>
			<string>&lt;group&gt;</string>
		</dict>
		<key>0F638BE018FE615300B95F38</key>
		<dict>
			<key>fileEncoding</key>
			<string>4</string>
			<key>isa</key>
			<string>PBXFileReference</string>
			<key>lastKnownFileType</key>
			<string>sourcecode.c.h</string>
			<key>path</key>
			<string>AFHTTPSessionManager.h</string>
			<key>sourceTree</key>
			<string>&lt;group&gt;</string>
		</dict>
		<key>0F638BE118FE615300B95F38</key>
		<dict>
			<key>fileEncoding</key>
			<string>4</string>
			<key>isa</key>
			<string>PBXFileReference</string>
			<key>lastKnownFileType</key>
			<string>sourcecode.c.objc</string>
			<key>path</key>
			<string>AFHTTPSessionManager.m</string>
			<key>sourceTree</key>
			<string>&lt;group&gt;</string>
		</dict>
		<key>0F638BE218FE615300B95F38</key>
		<dict>
			<key>fileEncoding</key>
			<string>4</string>
			<key>isa</key>
			<string>PBXFileReference</string>
			<key>lastKnownFileType</key>
			<string>sourcecode.c.h</string>
			<key>path</key>
			<string>AFNetworking.h</string>
			<key>sourceTree</key>
			<string>&lt;group&gt;</string>
		</dict>
		<key>0F638BE318FE615300B95F38</key>
		<dict>
			<key>fileEncoding</key>
			<string>4</string>
			<key>isa</key>
			<string>PBXFileReference</string>
			<key>lastKnownFileType</key>
			<string>sourcecode.c.h</string>
			<key>path</key>
			<string>AFNetworkReachabilityManager.h</string>
			<key>sourceTree</key>
			<string>&lt;group&gt;</string>
		</dict>
		<key>0F638BE418FE615300B95F38</key>
		<dict>
			<key>fileEncoding</key>
			<string>4</string>
			<key>isa</key>
			<string>PBXFileReference</string>
			<key>lastKnownFileType</key>
			<string>sourcecode.c.objc</string>
			<key>path</key>
			<string>AFNetworkReachabilityManager.m</string>
			<key>sourceTree</key>
			<string>&lt;group&gt;</string>
		</dict>
		<key>0F638BE518FE615300B95F38</key>
		<dict>
			<key>fileEncoding</key>
			<string>4</string>
			<key>isa</key>
			<string>PBXFileReference</string>
			<key>lastKnownFileType</key>
			<string>sourcecode.c.h</string>
			<key>path</key>
			<string>AFSecurityPolicy.h</string>
			<key>sourceTree</key>
			<string>&lt;group&gt;</string>
		</dict>
		<key>0F638BE618FE615300B95F38</key>
		<dict>
			<key>fileEncoding</key>
			<string>4</string>
			<key>isa</key>
			<string>PBXFileReference</string>
			<key>lastKnownFileType</key>
			<string>sourcecode.c.objc</string>
			<key>path</key>
			<string>AFSecurityPolicy.m</string>
			<key>sourceTree</key>
			<string>&lt;group&gt;</string>
		</dict>
		<key>0F638BE718FE615300B95F38</key>
		<dict>
			<key>fileEncoding</key>
			<string>4</string>
			<key>isa</key>
			<string>PBXFileReference</string>
			<key>lastKnownFileType</key>
			<string>sourcecode.c.h</string>
			<key>path</key>
			<string>AFURLConnectionOperation.h</string>
			<key>sourceTree</key>
			<string>&lt;group&gt;</string>
		</dict>
		<key>0F638BE818FE615300B95F38</key>
		<dict>
			<key>fileEncoding</key>
			<string>4</string>
			<key>isa</key>
			<string>PBXFileReference</string>
			<key>lastKnownFileType</key>
			<string>sourcecode.c.objc</string>
			<key>path</key>
			<string>AFURLConnectionOperation.m</string>
			<key>sourceTree</key>
			<string>&lt;group&gt;</string>
		</dict>
		<key>0F638BE918FE615300B95F38</key>
		<dict>
			<key>fileEncoding</key>
			<string>4</string>
			<key>isa</key>
			<string>PBXFileReference</string>
			<key>lastKnownFileType</key>
			<string>sourcecode.c.h</string>
			<key>path</key>
			<string>AFURLRequestSerialization.h</string>
			<key>sourceTree</key>
			<string>&lt;group&gt;</string>
		</dict>
		<key>0F638BEA18FE615300B95F38</key>
		<dict>
			<key>fileEncoding</key>
			<string>4</string>
			<key>isa</key>
			<string>PBXFileReference</string>
			<key>lastKnownFileType</key>
			<string>sourcecode.c.objc</string>
			<key>path</key>
			<string>AFURLRequestSerialization.m</string>
			<key>sourceTree</key>
			<string>&lt;group&gt;</string>
		</dict>
		<key>0F638BEB18FE615300B95F38</key>
		<dict>
			<key>fileEncoding</key>
			<string>4</string>
			<key>isa</key>
			<string>PBXFileReference</string>
			<key>lastKnownFileType</key>
			<string>sourcecode.c.h</string>
			<key>path</key>
			<string>AFURLResponseSerialization.h</string>
			<key>sourceTree</key>
			<string>&lt;group&gt;</string>
		</dict>
		<key>0F638BEC18FE615300B95F38</key>
		<dict>
			<key>fileEncoding</key>
			<string>4</string>
			<key>isa</key>
			<string>PBXFileReference</string>
			<key>lastKnownFileType</key>
			<string>sourcecode.c.objc</string>
			<key>path</key>
			<string>AFURLResponseSerialization.m</string>
			<key>sourceTree</key>
			<string>&lt;group&gt;</string>
		</dict>
		<key>0F638BED18FE615300B95F38</key>
		<dict>
			<key>fileEncoding</key>
			<string>4</string>
			<key>isa</key>
			<string>PBXFileReference</string>
			<key>lastKnownFileType</key>
			<string>sourcecode.c.h</string>
			<key>path</key>
			<string>AFURLSessionManager.h</string>
			<key>sourceTree</key>
			<string>&lt;group&gt;</string>
		</dict>
		<key>0F638BEE18FE615400B95F38</key>
		<dict>
			<key>fileEncoding</key>
			<string>4</string>
			<key>isa</key>
			<string>PBXFileReference</string>
			<key>lastKnownFileType</key>
			<string>sourcecode.c.objc</string>
			<key>path</key>
			<string>AFURLSessionManager.m</string>
			<key>sourceTree</key>
			<string>&lt;group&gt;</string>
		</dict>
		<key>0F638BEF18FE615400B95F38</key>
		<dict>
			<key>children</key>
			<array>
				<string>0F638BF018FE615400B95F38</string>
				<string>0F638BF118FE615400B95F38</string>
				<string>0F638BF218FE615400B95F38</string>
				<string>0F638BF318FE615400B95F38</string>
				<string>0F638BF418FE615400B95F38</string>
				<string>0F638BF518FE615400B95F38</string>
				<string>0F638BF618FE615400B95F38</string>
				<string>0F638BF718FE615400B95F38</string>
				<string>0F638BF818FE615400B95F38</string>
				<string>0F638BF918FE615400B95F38</string>
				<string>0F638BFA18FE615400B95F38</string>
				<string>0F638BFB18FE615400B95F38</string>
				<string>0F638BFC18FE615400B95F38</string>
				<string>0F638BFD18FE615400B95F38</string>
				<string>0F638BFE18FE615400B95F38</string>
				<string>0F638BFF18FE615400B95F38</string>
				<string>0F638C0018FE615400B95F38</string>
			</array>
			<key>isa</key>
			<string>PBXGroup</string>
			<key>name</key>
			<string>UIKit+AFNetworking</string>
			<key>path</key>
			<string>CollegeTickr/Third_Party/UIKit+AFNetworking</string>
			<key>sourceTree</key>
			<string>&lt;group&gt;</string>
		</dict>
		<key>0F638BF018FE615400B95F38</key>
		<dict>
			<key>fileEncoding</key>
			<string>4</string>
			<key>isa</key>
			<string>PBXFileReference</string>
			<key>lastKnownFileType</key>
			<string>sourcecode.c.h</string>
			<key>path</key>
			<string>AFNetworkActivityIndicatorManager.h</string>
			<key>sourceTree</key>
			<string>&lt;group&gt;</string>
		</dict>
		<key>0F638BF118FE615400B95F38</key>
		<dict>
			<key>fileEncoding</key>
			<string>4</string>
			<key>isa</key>
			<string>PBXFileReference</string>
			<key>lastKnownFileType</key>
			<string>sourcecode.c.objc</string>
			<key>path</key>
			<string>AFNetworkActivityIndicatorManager.m</string>
			<key>sourceTree</key>
			<string>&lt;group&gt;</string>
		</dict>
		<key>0F638BF218FE615400B95F38</key>
		<dict>
			<key>fileEncoding</key>
			<string>4</string>
			<key>isa</key>
			<string>PBXFileReference</string>
			<key>lastKnownFileType</key>
			<string>sourcecode.c.h</string>
			<key>path</key>
			<string>UIActivityIndicatorView+AFNetworking.h</string>
			<key>sourceTree</key>
			<string>&lt;group&gt;</string>
		</dict>
		<key>0F638BF318FE615400B95F38</key>
		<dict>
			<key>fileEncoding</key>
			<string>4</string>
			<key>isa</key>
			<string>PBXFileReference</string>
			<key>lastKnownFileType</key>
			<string>sourcecode.c.objc</string>
			<key>path</key>
			<string>UIActivityIndicatorView+AFNetworking.m</string>
			<key>sourceTree</key>
			<string>&lt;group&gt;</string>
		</dict>
		<key>0F638BF418FE615400B95F38</key>
		<dict>
			<key>fileEncoding</key>
			<string>4</string>
			<key>isa</key>
			<string>PBXFileReference</string>
			<key>lastKnownFileType</key>
			<string>sourcecode.c.h</string>
			<key>path</key>
			<string>UIAlertView+AFNetworking.h</string>
			<key>sourceTree</key>
			<string>&lt;group&gt;</string>
		</dict>
		<key>0F638BF518FE615400B95F38</key>
		<dict>
			<key>fileEncoding</key>
			<string>4</string>
			<key>isa</key>
			<string>PBXFileReference</string>
			<key>lastKnownFileType</key>
			<string>sourcecode.c.objc</string>
			<key>path</key>
			<string>UIAlertView+AFNetworking.m</string>
			<key>sourceTree</key>
			<string>&lt;group&gt;</string>
		</dict>
		<key>0F638BF618FE615400B95F38</key>
		<dict>
			<key>fileEncoding</key>
			<string>4</string>
			<key>isa</key>
			<string>PBXFileReference</string>
			<key>lastKnownFileType</key>
			<string>sourcecode.c.h</string>
			<key>path</key>
			<string>UIButton+AFNetworking.h</string>
			<key>sourceTree</key>
			<string>&lt;group&gt;</string>
		</dict>
		<key>0F638BF718FE615400B95F38</key>
		<dict>
			<key>fileEncoding</key>
			<string>4</string>
			<key>isa</key>
			<string>PBXFileReference</string>
			<key>lastKnownFileType</key>
			<string>sourcecode.c.objc</string>
			<key>path</key>
			<string>UIButton+AFNetworking.m</string>
			<key>sourceTree</key>
			<string>&lt;group&gt;</string>
		</dict>
		<key>0F638BF818FE615400B95F38</key>
		<dict>
			<key>fileEncoding</key>
			<string>4</string>
			<key>isa</key>
			<string>PBXFileReference</string>
			<key>lastKnownFileType</key>
			<string>sourcecode.c.h</string>
			<key>path</key>
			<string>UIImageView+AFNetworking.h</string>
			<key>sourceTree</key>
			<string>&lt;group&gt;</string>
		</dict>
		<key>0F638BF918FE615400B95F38</key>
		<dict>
			<key>fileEncoding</key>
			<string>4</string>
			<key>isa</key>
			<string>PBXFileReference</string>
			<key>lastKnownFileType</key>
			<string>sourcecode.c.objc</string>
			<key>path</key>
			<string>UIImageView+AFNetworking.m</string>
			<key>sourceTree</key>
			<string>&lt;group&gt;</string>
		</dict>
		<key>0F638BFA18FE615400B95F38</key>
		<dict>
			<key>fileEncoding</key>
			<string>4</string>
			<key>isa</key>
			<string>PBXFileReference</string>
			<key>lastKnownFileType</key>
			<string>sourcecode.c.h</string>
			<key>path</key>
			<string>UIKit+AFNetworking.h</string>
			<key>sourceTree</key>
			<string>&lt;group&gt;</string>
		</dict>
		<key>0F638BFB18FE615400B95F38</key>
		<dict>
			<key>fileEncoding</key>
			<string>4</string>
			<key>isa</key>
			<string>PBXFileReference</string>
			<key>lastKnownFileType</key>
			<string>sourcecode.c.h</string>
			<key>path</key>
			<string>UIProgressView+AFNetworking.h</string>
			<key>sourceTree</key>
			<string>&lt;group&gt;</string>
		</dict>
		<key>0F638BFC18FE615400B95F38</key>
		<dict>
			<key>fileEncoding</key>
			<string>4</string>
			<key>isa</key>
			<string>PBXFileReference</string>
			<key>lastKnownFileType</key>
			<string>sourcecode.c.objc</string>
			<key>path</key>
			<string>UIProgressView+AFNetworking.m</string>
			<key>sourceTree</key>
			<string>&lt;group&gt;</string>
		</dict>
		<key>0F638BFD18FE615400B95F38</key>
		<dict>
			<key>fileEncoding</key>
			<string>4</string>
			<key>isa</key>
			<string>PBXFileReference</string>
			<key>lastKnownFileType</key>
			<string>sourcecode.c.h</string>
			<key>path</key>
			<string>UIRefreshControl+AFNetworking.h</string>
			<key>sourceTree</key>
			<string>&lt;group&gt;</string>
		</dict>
		<key>0F638BFE18FE615400B95F38</key>
		<dict>
			<key>fileEncoding</key>
			<string>4</string>
			<key>isa</key>
			<string>PBXFileReference</string>
			<key>lastKnownFileType</key>
			<string>sourcecode.c.objc</string>
			<key>path</key>
			<string>UIRefreshControl+AFNetworking.m</string>
			<key>sourceTree</key>
			<string>&lt;group&gt;</string>
		</dict>
		<key>0F638BFF18FE615400B95F38</key>
		<dict>
			<key>fileEncoding</key>
			<string>4</string>
			<key>isa</key>
			<string>PBXFileReference</string>
			<key>lastKnownFileType</key>
			<string>sourcecode.c.h</string>
			<key>path</key>
			<string>UIWebView+AFNetworking.h</string>
			<key>sourceTree</key>
			<string>&lt;group&gt;</string>
		</dict>
		<key>0F638C0018FE615400B95F38</key>
		<dict>
			<key>fileEncoding</key>
			<string>4</string>
			<key>isa</key>
			<string>PBXFileReference</string>
			<key>lastKnownFileType</key>
			<string>sourcecode.c.objc</string>
			<key>path</key>
			<string>UIWebView+AFNetworking.m</string>
			<key>sourceTree</key>
			<string>&lt;group&gt;</string>
		</dict>
		<key>0F638C0118FE615400B95F38</key>
		<dict>
			<key>fileRef</key>
			<string>0F638BDD18FE615300B95F38</string>
			<key>isa</key>
			<string>PBXBuildFile</string>
		</dict>
		<key>0F638C0218FE615400B95F38</key>
		<dict>
			<key>fileRef</key>
			<string>0F638BDF18FE615300B95F38</string>
			<key>isa</key>
			<string>PBXBuildFile</string>
		</dict>
		<key>0F638C0318FE615400B95F38</key>
		<dict>
			<key>fileRef</key>
			<string>0F638BE118FE615300B95F38</string>
			<key>isa</key>
			<string>PBXBuildFile</string>
		</dict>
		<key>0F638C0418FE615400B95F38</key>
		<dict>
			<key>fileRef</key>
			<string>0F638BE418FE615300B95F38</string>
			<key>isa</key>
			<string>PBXBuildFile</string>
		</dict>
		<key>0F638C0518FE615400B95F38</key>
		<dict>
			<key>fileRef</key>
			<string>0F638BE618FE615300B95F38</string>
			<key>isa</key>
			<string>PBXBuildFile</string>
		</dict>
		<key>0F638C0618FE615400B95F38</key>
		<dict>
			<key>fileRef</key>
			<string>0F638BE818FE615300B95F38</string>
			<key>isa</key>
			<string>PBXBuildFile</string>
		</dict>
		<key>0F638C0718FE615400B95F38</key>
		<dict>
			<key>fileRef</key>
			<string>0F638BEA18FE615300B95F38</string>
			<key>isa</key>
			<string>PBXBuildFile</string>
		</dict>
		<key>0F638C0818FE615400B95F38</key>
		<dict>
			<key>fileRef</key>
			<string>0F638BEC18FE615300B95F38</string>
			<key>isa</key>
			<string>PBXBuildFile</string>
		</dict>
		<key>0F638C0918FE615400B95F38</key>
		<dict>
			<key>fileRef</key>
			<string>0F638BEE18FE615400B95F38</string>
			<key>isa</key>
			<string>PBXBuildFile</string>
		</dict>
		<key>0F638C0A18FE615400B95F38</key>
		<dict>
			<key>fileRef</key>
			<string>0F638BF118FE615400B95F38</string>
			<key>isa</key>
			<string>PBXBuildFile</string>
		</dict>
		<key>0F638C0B18FE615400B95F38</key>
		<dict>
			<key>fileRef</key>
			<string>0F638BF318FE615400B95F38</string>
			<key>isa</key>
			<string>PBXBuildFile</string>
		</dict>
		<key>0F638C0C18FE615400B95F38</key>
		<dict>
			<key>fileRef</key>
			<string>0F638BF518FE615400B95F38</string>
			<key>isa</key>
			<string>PBXBuildFile</string>
		</dict>
		<key>0F638C0D18FE615400B95F38</key>
		<dict>
			<key>fileRef</key>
			<string>0F638BF718FE615400B95F38</string>
			<key>isa</key>
			<string>PBXBuildFile</string>
		</dict>
		<key>0F638C0E18FE615400B95F38</key>
		<dict>
			<key>fileRef</key>
			<string>0F638BF918FE615400B95F38</string>
			<key>isa</key>
			<string>PBXBuildFile</string>
		</dict>
		<key>0F638C0F18FE615400B95F38</key>
		<dict>
			<key>fileRef</key>
			<string>0F638BFC18FE615400B95F38</string>
			<key>isa</key>
			<string>PBXBuildFile</string>
		</dict>
		<key>0F638C1018FE615400B95F38</key>
		<dict>
			<key>fileRef</key>
			<string>0F638BFE18FE615400B95F38</string>
			<key>isa</key>
			<string>PBXBuildFile</string>
		</dict>
		<key>0F638C1118FE615400B95F38</key>
		<dict>
			<key>fileRef</key>
			<string>0F638C0018FE615400B95F38</string>
			<key>isa</key>
			<string>PBXBuildFile</string>
		</dict>
		<key>0F638C1218FE622300B95F38</key>
		<dict>
			<key>isa</key>
			<string>PBXFileReference</string>
			<key>lastKnownFileType</key>
			<string>wrapper.framework</string>
			<key>name</key>
			<string>Security.framework</string>
			<key>path</key>
			<string>System/Library/Frameworks/Security.framework</string>
			<key>sourceTree</key>
			<string>SDKROOT</string>
		</dict>
		<key>0F638C1418FE625900B95F38</key>
		<dict>
			<key>isa</key>
			<string>PBXFileReference</string>
			<key>lastKnownFileType</key>
			<string>wrapper.framework</string>
			<key>name</key>
			<string>SystemConfiguration.framework</string>
			<key>path</key>
			<string>System/Library/Frameworks/SystemConfiguration.framework</string>
			<key>sourceTree</key>
			<string>SDKROOT</string>
		</dict>
		<key>0F638C1518FE625900B95F38</key>
		<dict>
			<key>fileRef</key>
			<string>0F638C1418FE625900B95F38</string>
			<key>isa</key>
			<string>PBXBuildFile</string>
		</dict>
		<key>0F638C1618FE62BE00B95F38</key>
		<dict>
			<key>isa</key>
			<string>PBXFileReference</string>
			<key>lastKnownFileType</key>
			<string>wrapper.framework</string>
			<key>name</key>
			<string>MobileCoreServices.framework</string>
			<key>path</key>
			<string>System/Library/Frameworks/MobileCoreServices.framework</string>
			<key>sourceTree</key>
			<string>SDKROOT</string>
		</dict>
		<key>0F638C1718FE62BE00B95F38</key>
		<dict>
			<key>fileRef</key>
			<string>0F638C1618FE62BE00B95F38</string>
			<key>isa</key>
			<string>PBXBuildFile</string>
		</dict>
		<key>0F638C1A18FE65F900B95F38</key>
		<dict>
			<key>children</key>
			<array>
				<string>0F638C1B18FE666A00B95F38</string>
				<string>0F638C1C18FE666A00B95F38</string>
			</array>
			<key>isa</key>
			<string>PBXGroup</string>
			<key>name</key>
			<string>NetworkService</string>
			<key>path</key>
			<string>..</string>
			<key>sourceTree</key>
			<string>&lt;group&gt;</string>
		</dict>
		<key>0F638C1B18FE666A00B95F38</key>
		<dict>
			<key>fileEncoding</key>
			<string>4</string>
			<key>isa</key>
			<string>PBXFileReference</string>
			<key>lastKnownFileType</key>
			<string>sourcecode.c.h</string>
			<key>name</key>
			<string>CTServiceManager.h</string>
			<key>path</key>
			<string>CollegeTickr/NetworkService/CTServiceManager.h</string>
			<key>sourceTree</key>
			<string>&lt;group&gt;</string>
		</dict>
		<key>0F638C1C18FE666A00B95F38</key>
		<dict>
			<key>fileEncoding</key>
			<string>4</string>
			<key>isa</key>
			<string>PBXFileReference</string>
			<key>lastKnownFileType</key>
			<string>sourcecode.c.objc</string>
			<key>name</key>
			<string>CTServiceManager.m</string>
			<key>path</key>
			<string>CollegeTickr/NetworkService/CTServiceManager.m</string>
			<key>sourceTree</key>
			<string>&lt;group&gt;</string>
		</dict>
		<key>0F638C1D18FE666A00B95F38</key>
		<dict>
			<key>fileRef</key>
			<string>0F638C1C18FE666A00B95F38</string>
			<key>isa</key>
			<string>PBXBuildFile</string>
		</dict>
		<key>0F9E4D5A19059A8F0025C0F7</key>
		<dict>
			<key>fileEncoding</key>
			<string>4</string>
			<key>isa</key>
			<string>PBXFileReference</string>
			<key>lastKnownFileType</key>
			<string>text.plist.xml</string>
			<key>path</key>
			<string>ErrorCodeList.plist</string>
			<key>sourceTree</key>
			<string>&lt;group&gt;</string>
		</dict>
		<key>0F9E4D5B19059A8F0025C0F7</key>
		<dict>
			<key>fileRef</key>
			<string>0F9E4D5A19059A8F0025C0F7</string>
			<key>isa</key>
			<string>PBXBuildFile</string>
		</dict>
		<key>0FD0BD6D1909B64C006459A7</key>
		<dict>
			<key>fileEncoding</key>
			<string>4</string>
			<key>isa</key>
			<string>PBXFileReference</string>
			<key>lastKnownFileType</key>
			<string>sourcecode.c.h</string>
			<key>path</key>
			<string>CTDataModelReader.h</string>
			<key>sourceTree</key>
			<string>&lt;group&gt;</string>
		</dict>
		<key>0FD0BD6E1909B64C006459A7</key>
		<dict>
			<key>fileEncoding</key>
			<string>4</string>
			<key>isa</key>
			<string>PBXFileReference</string>
			<key>lastKnownFileType</key>
			<string>sourcecode.c.objc</string>
			<key>path</key>
			<string>CTDataModelReader.m</string>
			<key>sourceTree</key>
			<string>&lt;group&gt;</string>
		</dict>
		<key>0FD0BD6F1909B64C006459A7</key>
		<dict>
			<key>fileRef</key>
			<string>0FD0BD6E1909B64C006459A7</string>
			<key>isa</key>
			<string>PBXBuildFile</string>
		</dict>
		<key>0FF23BD318F8A2DA00B2F693</key>
		<dict>
			<key>children</key>
			<array>
				<string>0FF23BE518F8A2DB00B2F693</string>
				<string>0FF23C0418F8A2DB00B2F693</string>
				<string>0FF23BDE18F8A2DB00B2F693</string>
				<string>0FF23BDD18F8A2DB00B2F693</string>
				<string>0A2CA183ED154D1289083553</string>
			</array>
			<key>isa</key>
			<string>PBXGroup</string>
			<key>sourceTree</key>
			<string>&lt;group&gt;</string>
		</dict>
		<key>0FF23BD418F8A2DA00B2F693</key>
		<dict>
			<key>attributes</key>
			<dict>
				<key>CLASSPREFIX</key>
				<string>CT</string>
				<key>LastUpgradeCheck</key>
				<string>0510</string>
				<key>ORGANIZATIONNAME</key>
				<string>Yan Zhang</string>
				<key>TargetAttributes</key>
				<dict>
					<key>0FF23BFC18F8A2DB00B2F693</key>
					<dict>
						<key>TestTargetID</key>
						<string>0FF23BDB18F8A2DB00B2F693</string>
					</dict>
				</dict>
			</dict>
			<key>buildConfigurationList</key>
			<string>0FF23BD718F8A2DA00B2F693</string>
			<key>compatibilityVersion</key>
			<string>Xcode 3.2</string>
			<key>developmentRegion</key>
			<string>English</string>
			<key>hasScannedForEncodings</key>
			<string>0</string>
			<key>isa</key>
			<string>PBXProject</string>
			<key>knownRegions</key>
			<array>
				<string>en</string>
				<string>Base</string>
			</array>
			<key>mainGroup</key>
			<string>0FF23BD318F8A2DA00B2F693</string>
			<key>productRefGroup</key>
			<string>0FF23BDD18F8A2DB00B2F693</string>
			<key>projectDirPath</key>
			<string></string>
			<key>projectReferences</key>
			<array/>
			<key>projectRoot</key>
			<string></string>
			<key>targets</key>
			<array>
				<string>0FF23BDB18F8A2DB00B2F693</string>
				<string>0FF23BFC18F8A2DB00B2F693</string>
			</array>
		</dict>
		<key>0FF23BD718F8A2DA00B2F693</key>
		<dict>
			<key>buildConfigurations</key>
			<array>
				<string>0FF23C0C18F8A2DB00B2F693</string>
				<string>0FF23C0D18F8A2DB00B2F693</string>
			</array>
			<key>defaultConfigurationIsVisible</key>
			<string>0</string>
			<key>defaultConfigurationName</key>
			<string>Release</string>
			<key>isa</key>
			<string>XCConfigurationList</string>
		</dict>
		<key>0FF23BD818F8A2DB00B2F693</key>
		<dict>
			<key>buildActionMask</key>
			<string>2147483647</string>
			<key>files</key>
			<array>
				<string>42C1435A1913075B009E3203</string>
				<string>0F638C0118FE615400B95F38</string>
				<string>50D8C1521909B33C006EA1D3</string>
				<string>0F638C0E18FE615400B95F38</string>
				<string>0FF23BEC18F8A2DB00B2F693</string>
				<string>42C1435D191307D7009E3203</string>
				<string>0F638C0218FE615400B95F38</string>
				<string>429BDE9F191044060044E25F</string>
				<string>0F638C0F18FE615400B95F38</string>
				<string>0F638C0418FE615400B95F38</string>
				<string>0F638C0818FE615400B95F38</string>
				<string>50D8C14F1909B32F006EA1D3</string>
				<string>0F638C0618FE615400B95F38</string>
				<string>42C14361191345FB009E3203</string>
				<string>50A828DE1907994E0001A968</string>
				<string>0F638C0D18FE615400B95F38</string>
				<string>429BDEA2191056A80044E25F</string>
				<string>42CE534B19369A15003909FF</string>
				<string>0F638C0B18FE615400B95F38</string>
				<string>0F638C0518FE615400B95F38</string>
				<string>4273C69019071D7500E68CA9</string>
				<string>0F638C1018FE615400B95F38</string>
				<string>0F638C1118FE615400B95F38</string>
				<string>0F638C0318FE615400B95F38</string>
				<string>42C1434E1912239D009E3203</string>
				<string>0F638C0C18FE615400B95F38</string>
				<string>50D8C1551909B34C006EA1D3</string>
				<string>50D8C1591909B4BD006EA1D3</string>
				<string>429BDEA51910609B0044E25F</string>
				<string>0F638C0718FE615400B95F38</string>
				<string>0F638C0A18FE615400B95F38</string>
				<string>0F638C0918FE615400B95F38</string>
				<string>0FD0BD6F1909B64C006459A7</string>
				<string>0FF23BF018F8A2DB00B2F693</string>
				<string>5053929118FFB66C001E6332</string>
				<string>423F2F7A1900A72D007A356F</string>
				<string>0FF23BF618F8A2DB00B2F693</string>
				<string>4286436E1936E8EC00151EEE</string>
				<string>0F638C1D18FE666A00B95F38</string>
			</array>
			<key>isa</key>
			<string>PBXSourcesBuildPhase</string>
			<key>runOnlyForDeploymentPostprocessing</key>
			<string>0</string>
		</dict>
		<key>0FF23BD918F8A2DB00B2F693</key>
		<dict>
			<key>buildActionMask</key>
			<string>2147483647</string>
			<key>files</key>
			<array>
				<string>0F638C1718FE62BE00B95F38</string>
				<string>0F638C1518FE625900B95F38</string>
				<string>0FF23BE218F8A2DB00B2F693</string>
				<string>0FF23BE418F8A2DB00B2F693</string>
				<string>0FF23BE018F8A2DB00B2F693</string>
				<string>50A828DB1904FB8D0001A968</string>
				<string>423F2F7419009E79007A356F</string>
				<string>66F75D7C298B46F99E3B3A68</string>
			</array>
			<key>isa</key>
			<string>PBXFrameworksBuildPhase</string>
			<key>runOnlyForDeploymentPostprocessing</key>
			<string>0</string>
		</dict>
		<key>0FF23BDA18F8A2DB00B2F693</key>
		<dict>
			<key>buildActionMask</key>
			<string>2147483647</string>
			<key>files</key>
			<array>
				<string>42C143521912255B009E3203</string>
				<string>42C1435419123676009E3203</string>
				<string>0FF23BEA18F8A2DB00B2F693</string>
				<string>0F9E4D5B19059A8F0025C0F7</string>
				<string>0FF23BF318F8A2DB00B2F693</string>
			</array>
			<key>isa</key>
			<string>PBXResourcesBuildPhase</string>
			<key>runOnlyForDeploymentPostprocessing</key>
			<string>0</string>
		</dict>
		<key>0FF23BDB18F8A2DB00B2F693</key>
		<dict>
			<key>buildConfigurationList</key>
			<string>0FF23C0E18F8A2DB00B2F693</string>
			<key>buildPhases</key>
			<array>
				<string>D6C6929BE5544ED7B422C0C6</string>
				<string>0FF23BD818F8A2DB00B2F693</string>
				<string>0FF23BD918F8A2DB00B2F693</string>
				<string>0FF23BDA18F8A2DB00B2F693</string>
				<string>E2F611D65F4B4E8BBB1A3536</string>
			</array>
			<key>buildRules</key>
			<array/>
			<key>dependencies</key>
			<array/>
			<key>isa</key>
			<string>PBXNativeTarget</string>
			<key>name</key>
			<string>CollegeTickr</string>
			<key>productName</key>
			<string>CollegeTickr</string>
			<key>productReference</key>
			<string>0FF23BDC18F8A2DB00B2F693</string>
			<key>productType</key>
			<string>com.apple.product-type.application</string>
		</dict>
		<key>0FF23BDC18F8A2DB00B2F693</key>
		<dict>
			<key>explicitFileType</key>
			<string>wrapper.application</string>
			<key>includeInIndex</key>
			<string>0</string>
			<key>isa</key>
			<string>PBXFileReference</string>
			<key>path</key>
			<string>CollegeTickr.app</string>
			<key>sourceTree</key>
			<string>BUILT_PRODUCTS_DIR</string>
		</dict>
		<key>0FF23BDD18F8A2DB00B2F693</key>
		<dict>
			<key>children</key>
			<array>
				<string>0FF23BDC18F8A2DB00B2F693</string>
				<string>0FF23BFD18F8A2DB00B2F693</string>
			</array>
			<key>isa</key>
			<string>PBXGroup</string>
			<key>name</key>
			<string>Products</string>
			<key>sourceTree</key>
			<string>&lt;group&gt;</string>
		</dict>
		<key>0FF23BDE18F8A2DB00B2F693</key>
		<dict>
			<key>children</key>
			<array>
				<string>50A828DA1904FB8D0001A968</string>
				<string>0F638C1618FE62BE00B95F38</string>
				<string>0F638C1418FE625900B95F38</string>
				<string>0F638C1218FE622300B95F38</string>
				<string>423F2F7319009E79007A356F</string>
				<string>0FF23BDF18F8A2DB00B2F693</string>
				<string>0FF23BE118F8A2DB00B2F693</string>
				<string>0FF23BE318F8A2DB00B2F693</string>
				<string>0FF23BFE18F8A2DB00B2F693</string>
				<string>7E7E7ECAEB1C4E6DBABD03F0</string>
			</array>
			<key>isa</key>
			<string>PBXGroup</string>
			<key>name</key>
			<string>Frameworks</string>
			<key>sourceTree</key>
			<string>&lt;group&gt;</string>
		</dict>
		<key>0FF23BDF18F8A2DB00B2F693</key>
		<dict>
			<key>isa</key>
			<string>PBXFileReference</string>
			<key>lastKnownFileType</key>
			<string>wrapper.framework</string>
			<key>name</key>
			<string>Foundation.framework</string>
			<key>path</key>
			<string>System/Library/Frameworks/Foundation.framework</string>
			<key>sourceTree</key>
			<string>SDKROOT</string>
		</dict>
		<key>0FF23BE018F8A2DB00B2F693</key>
		<dict>
			<key>fileRef</key>
			<string>0FF23BDF18F8A2DB00B2F693</string>
			<key>isa</key>
			<string>PBXBuildFile</string>
		</dict>
		<key>0FF23BE118F8A2DB00B2F693</key>
		<dict>
			<key>isa</key>
			<string>PBXFileReference</string>
			<key>lastKnownFileType</key>
			<string>wrapper.framework</string>
			<key>name</key>
			<string>CoreGraphics.framework</string>
			<key>path</key>
			<string>System/Library/Frameworks/CoreGraphics.framework</string>
			<key>sourceTree</key>
			<string>SDKROOT</string>
		</dict>
		<key>0FF23BE218F8A2DB00B2F693</key>
		<dict>
			<key>fileRef</key>
			<string>0FF23BE118F8A2DB00B2F693</string>
			<key>isa</key>
			<string>PBXBuildFile</string>
		</dict>
		<key>0FF23BE318F8A2DB00B2F693</key>
		<dict>
			<key>isa</key>
			<string>PBXFileReference</string>
			<key>lastKnownFileType</key>
			<string>wrapper.framework</string>
			<key>name</key>
			<string>UIKit.framework</string>
			<key>path</key>
			<string>System/Library/Frameworks/UIKit.framework</string>
			<key>sourceTree</key>
			<string>SDKROOT</string>
		</dict>
		<key>0FF23BE418F8A2DB00B2F693</key>
		<dict>
			<key>fileRef</key>
			<string>0FF23BE318F8A2DB00B2F693</string>
			<key>isa</key>
			<string>PBXBuildFile</string>
		</dict>
		<key>0FF23BE518F8A2DB00B2F693</key>
		<dict>
			<key>children</key>
			<array>
				<string>429BDE9C191043E50044E25F</string>
				<string>50D8C1561909B356006EA1D3</string>
				<string>5053929318FFC41C001E6332</string>
				<string>0F638C1A18FE65F900B95F38</string>
				<string>0F638BA318FE5A3600B95F38</string>
				<string>0FF23BF118F8A2DB00B2F693</string>
				<string>0FF23BEE18F8A2DB00B2F693</string>
				<string>0FF23BEF18F8A2DB00B2F693</string>
				<string>0FF23BF418F8A2DB00B2F693</string>
				<string>0FF23BF518F8A2DB00B2F693</string>
				<string>423F2F781900A72D007A356F</string>
				<string>423F2F791900A72D007A356F</string>
				<string>429BDEA0191056A80044E25F</string>
				<string>429BDEA1191056A80044E25F</string>
				<string>4273C68E19071D7500E68CA9</string>
				<string>4273C68F19071D7500E68CA9</string>
				<string>42C1435319123676009E3203</string>
				<string>0FF23BE618F8A2DB00B2F693</string>
			</array>
			<key>isa</key>
			<string>PBXGroup</string>
			<key>path</key>
			<string>CollegeTickr</string>
			<key>sourceTree</key>
			<string>&lt;group&gt;</string>
		</dict>
		<key>0FF23BE618F8A2DB00B2F693</key>
		<dict>
			<key>children</key>
			<array>
				<string>0FF23BEE18F8A2DB00B2F693</string>
				<string>0FF23BEF18F8A2DB00B2F693</string>
				<string>0FF23BE718F8A2DB00B2F693</string>
				<string>0FF23BE818F8A2DB00B2F693</string>
				<string>0FF23BEB18F8A2DB00B2F693</string>
				<string>0FF23BED18F8A2DB00B2F693</string>
				<string>0F9E4D5A19059A8F0025C0F7</string>
			</array>
			<key>isa</key>
			<string>PBXGroup</string>
			<key>name</key>
			<string>Supporting Files</string>
			<key>sourceTree</key>
			<string>&lt;group&gt;</string>
		</dict>
		<key>0FF23BE718F8A2DB00B2F693</key>
		<dict>
			<key>isa</key>
			<string>PBXFileReference</string>
			<key>lastKnownFileType</key>
			<string>text.plist.xml</string>
			<key>path</key>
			<string>CollegeTickr-Info.plist</string>
			<key>sourceTree</key>
			<string>&lt;group&gt;</string>
		</dict>
		<key>0FF23BE818F8A2DB00B2F693</key>
		<dict>
			<key>children</key>
			<array>
				<string>0FF23BE918F8A2DB00B2F693</string>
			</array>
			<key>isa</key>
			<string>PBXVariantGroup</string>
			<key>name</key>
			<string>InfoPlist.strings</string>
			<key>sourceTree</key>
			<string>&lt;group&gt;</string>
		</dict>
		<key>0FF23BE918F8A2DB00B2F693</key>
		<dict>
			<key>isa</key>
			<string>PBXFileReference</string>
			<key>lastKnownFileType</key>
			<string>text.plist.strings</string>
			<key>name</key>
			<string>en</string>
			<key>path</key>
			<string>en.lproj/InfoPlist.strings</string>
			<key>sourceTree</key>
			<string>&lt;group&gt;</string>
		</dict>
		<key>0FF23BEA18F8A2DB00B2F693</key>
		<dict>
			<key>fileRef</key>
			<string>0FF23BE818F8A2DB00B2F693</string>
			<key>isa</key>
			<string>PBXBuildFile</string>
		</dict>
		<key>0FF23BEB18F8A2DB00B2F693</key>
		<dict>
			<key>isa</key>
			<string>PBXFileReference</string>
			<key>lastKnownFileType</key>
			<string>sourcecode.c.objc</string>
			<key>path</key>
			<string>main.m</string>
			<key>sourceTree</key>
			<string>&lt;group&gt;</string>
		</dict>
		<key>0FF23BEC18F8A2DB00B2F693</key>
		<dict>
			<key>fileRef</key>
			<string>0FF23BEB18F8A2DB00B2F693</string>
			<key>isa</key>
			<string>PBXBuildFile</string>
		</dict>
		<key>0FF23BED18F8A2DB00B2F693</key>
		<dict>
			<key>isa</key>
			<string>PBXFileReference</string>
			<key>lastKnownFileType</key>
			<string>sourcecode.c.h</string>
			<key>path</key>
			<string>CollegeTickr-Prefix.pch</string>
			<key>sourceTree</key>
			<string>&lt;group&gt;</string>
		</dict>
		<key>0FF23BEE18F8A2DB00B2F693</key>
		<dict>
			<key>isa</key>
			<string>PBXFileReference</string>
			<key>lastKnownFileType</key>
			<string>sourcecode.c.h</string>
			<key>path</key>
			<string>CTAppDelegate.h</string>
			<key>sourceTree</key>
			<string>&lt;group&gt;</string>
		</dict>
		<key>0FF23BEF18F8A2DB00B2F693</key>
		<dict>
			<key>isa</key>
			<string>PBXFileReference</string>
			<key>lastKnownFileType</key>
			<string>sourcecode.c.objc</string>
			<key>path</key>
			<string>CTAppDelegate.m</string>
			<key>sourceTree</key>
			<string>&lt;group&gt;</string>
		</dict>
		<key>0FF23BF018F8A2DB00B2F693</key>
		<dict>
			<key>fileRef</key>
			<string>0FF23BEF18F8A2DB00B2F693</string>
			<key>isa</key>
			<string>PBXBuildFile</string>
		</dict>
		<key>0FF23BF118F8A2DB00B2F693</key>
		<dict>
			<key>children</key>
			<array>
				<string>0FF23BF218F8A2DB00B2F693</string>
			</array>
			<key>isa</key>
			<string>PBXVariantGroup</string>
			<key>name</key>
			<string>Main.storyboard</string>
			<key>sourceTree</key>
			<string>&lt;group&gt;</string>
		</dict>
		<key>0FF23BF218F8A2DB00B2F693</key>
		<dict>
			<key>isa</key>
			<string>PBXFileReference</string>
			<key>lastKnownFileType</key>
			<string>file.storyboard</string>
			<key>name</key>
			<string>Base</string>
			<key>path</key>
			<string>Base.lproj/Main.storyboard</string>
			<key>sourceTree</key>
			<string>&lt;group&gt;</string>
		</dict>
		<key>0FF23BF318F8A2DB00B2F693</key>
		<dict>
			<key>fileRef</key>
			<string>0FF23BF118F8A2DB00B2F693</string>
			<key>isa</key>
			<string>PBXBuildFile</string>
		</dict>
		<key>0FF23BF418F8A2DB00B2F693</key>
		<dict>
			<key>isa</key>
			<string>PBXFileReference</string>
			<key>lastKnownFileType</key>
			<string>sourcecode.c.h</string>
			<key>path</key>
			<string>CTViewController.h</string>
			<key>sourceTree</key>
			<string>&lt;group&gt;</string>
		</dict>
		<key>0FF23BF518F8A2DB00B2F693</key>
		<dict>
			<key>isa</key>
			<string>PBXFileReference</string>
			<key>lastKnownFileType</key>
			<string>sourcecode.c.objc</string>
			<key>path</key>
			<string>CTViewController.m</string>
			<key>sourceTree</key>
			<string>&lt;group&gt;</string>
		</dict>
		<key>0FF23BF618F8A2DB00B2F693</key>
		<dict>
			<key>fileRef</key>
			<string>0FF23BF518F8A2DB00B2F693</string>
			<key>isa</key>
			<string>PBXBuildFile</string>
		</dict>
		<key>0FF23BF918F8A2DB00B2F693</key>
		<dict>
			<key>buildActionMask</key>
			<string>2147483647</string>
			<key>files</key>
			<array>
				<string>0FF23C0B18F8A2DB00B2F693</string>
			</array>
			<key>isa</key>
			<string>PBXSourcesBuildPhase</string>
			<key>runOnlyForDeploymentPostprocessing</key>
			<string>0</string>
		</dict>
		<key>0FF23BFA18F8A2DB00B2F693</key>
		<dict>
			<key>buildActionMask</key>
			<string>2147483647</string>
			<key>files</key>
			<array>
				<string>0FF23BFF18F8A2DB00B2F693</string>
				<string>0FF23C0118F8A2DB00B2F693</string>
				<string>0FF23C0018F8A2DB00B2F693</string>
			</array>
			<key>isa</key>
			<string>PBXFrameworksBuildPhase</string>
			<key>runOnlyForDeploymentPostprocessing</key>
			<string>0</string>
		</dict>
		<key>0FF23BFB18F8A2DB00B2F693</key>
		<dict>
			<key>buildActionMask</key>
			<string>2147483647</string>
			<key>files</key>
			<array>
				<string>0FF23C0918F8A2DB00B2F693</string>
			</array>
			<key>isa</key>
			<string>PBXResourcesBuildPhase</string>
			<key>runOnlyForDeploymentPostprocessing</key>
			<string>0</string>
		</dict>
		<key>0FF23BFC18F8A2DB00B2F693</key>
		<dict>
			<key>buildConfigurationList</key>
			<string>0FF23C1118F8A2DB00B2F693</string>
			<key>buildPhases</key>
			<array>
				<string>0FF23BF918F8A2DB00B2F693</string>
				<string>0FF23BFA18F8A2DB00B2F693</string>
				<string>0FF23BFB18F8A2DB00B2F693</string>
			</array>
			<key>buildRules</key>
			<array/>
			<key>dependencies</key>
			<array>
				<string>0FF23C0318F8A2DB00B2F693</string>
			</array>
			<key>isa</key>
			<string>PBXNativeTarget</string>
			<key>name</key>
			<string>CollegeTickrTests</string>
			<key>productName</key>
			<string>CollegeTickrTests</string>
			<key>productReference</key>
			<string>0FF23BFD18F8A2DB00B2F693</string>
			<key>productType</key>
			<string>com.apple.product-type.bundle.unit-test</string>
		</dict>
		<key>0FF23BFD18F8A2DB00B2F693</key>
		<dict>
			<key>explicitFileType</key>
			<string>wrapper.cfbundle</string>
			<key>includeInIndex</key>
			<string>0</string>
			<key>isa</key>
			<string>PBXFileReference</string>
			<key>path</key>
			<string>CollegeTickrTests.xctest</string>
			<key>sourceTree</key>
			<string>BUILT_PRODUCTS_DIR</string>
		</dict>
		<key>0FF23BFE18F8A2DB00B2F693</key>
		<dict>
			<key>isa</key>
			<string>PBXFileReference</string>
			<key>lastKnownFileType</key>
			<string>wrapper.framework</string>
			<key>name</key>
			<string>XCTest.framework</string>
			<key>path</key>
			<string>Library/Frameworks/XCTest.framework</string>
			<key>sourceTree</key>
			<string>DEVELOPER_DIR</string>
		</dict>
		<key>0FF23BFF18F8A2DB00B2F693</key>
		<dict>
			<key>fileRef</key>
			<string>0FF23BFE18F8A2DB00B2F693</string>
			<key>isa</key>
			<string>PBXBuildFile</string>
		</dict>
		<key>0FF23C0018F8A2DB00B2F693</key>
		<dict>
			<key>fileRef</key>
			<string>0FF23BDF18F8A2DB00B2F693</string>
			<key>isa</key>
			<string>PBXBuildFile</string>
		</dict>
		<key>0FF23C0118F8A2DB00B2F693</key>
		<dict>
			<key>fileRef</key>
			<string>0FF23BE318F8A2DB00B2F693</string>
			<key>isa</key>
			<string>PBXBuildFile</string>
		</dict>
		<key>0FF23C0218F8A2DB00B2F693</key>
		<dict>
			<key>containerPortal</key>
			<string>0FF23BD418F8A2DA00B2F693</string>
			<key>isa</key>
			<string>PBXContainerItemProxy</string>
			<key>proxyType</key>
			<string>1</string>
			<key>remoteGlobalIDString</key>
			<string>0FF23BDB18F8A2DB00B2F693</string>
			<key>remoteInfo</key>
			<string>CollegeTickr</string>
		</dict>
		<key>0FF23C0318F8A2DB00B2F693</key>
		<dict>
			<key>isa</key>
			<string>PBXTargetDependency</string>
			<key>target</key>
			<string>0FF23BDB18F8A2DB00B2F693</string>
			<key>targetProxy</key>
			<string>0FF23C0218F8A2DB00B2F693</string>
		</dict>
		<key>0FF23C0418F8A2DB00B2F693</key>
		<dict>
			<key>children</key>
			<array>
				<string>0FF23C0A18F8A2DB00B2F693</string>
				<string>0FF23C0518F8A2DB00B2F693</string>
			</array>
			<key>isa</key>
			<string>PBXGroup</string>
			<key>path</key>
			<string>CollegeTickrTests</string>
			<key>sourceTree</key>
			<string>&lt;group&gt;</string>
		</dict>
		<key>0FF23C0518F8A2DB00B2F693</key>
		<dict>
			<key>children</key>
			<array>
				<string>0FF23C0618F8A2DB00B2F693</string>
				<string>0FF23C0718F8A2DB00B2F693</string>
			</array>
			<key>isa</key>
			<string>PBXGroup</string>
			<key>name</key>
			<string>Supporting Files</string>
			<key>sourceTree</key>
			<string>&lt;group&gt;</string>
		</dict>
		<key>0FF23C0618F8A2DB00B2F693</key>
		<dict>
			<key>isa</key>
			<string>PBXFileReference</string>
			<key>lastKnownFileType</key>
			<string>text.plist.xml</string>
			<key>path</key>
			<string>CollegeTickrTests-Info.plist</string>
			<key>sourceTree</key>
			<string>&lt;group&gt;</string>
		</dict>
		<key>0FF23C0718F8A2DB00B2F693</key>
		<dict>
			<key>children</key>
			<array>
				<string>0FF23C0818F8A2DB00B2F693</string>
			</array>
			<key>isa</key>
			<string>PBXVariantGroup</string>
			<key>name</key>
			<string>InfoPlist.strings</string>
			<key>sourceTree</key>
			<string>&lt;group&gt;</string>
		</dict>
		<key>0FF23C0818F8A2DB00B2F693</key>
		<dict>
			<key>isa</key>
			<string>PBXFileReference</string>
			<key>lastKnownFileType</key>
			<string>text.plist.strings</string>
			<key>name</key>
			<string>en</string>
			<key>path</key>
			<string>en.lproj/InfoPlist.strings</string>
			<key>sourceTree</key>
			<string>&lt;group&gt;</string>
		</dict>
		<key>0FF23C0918F8A2DB00B2F693</key>
		<dict>
			<key>fileRef</key>
			<string>0FF23C0718F8A2DB00B2F693</string>
			<key>isa</key>
			<string>PBXBuildFile</string>
		</dict>
		<key>0FF23C0A18F8A2DB00B2F693</key>
		<dict>
			<key>isa</key>
			<string>PBXFileReference</string>
			<key>lastKnownFileType</key>
			<string>sourcecode.c.objc</string>
			<key>path</key>
			<string>CollegeTickrTests.m</string>
			<key>sourceTree</key>
			<string>&lt;group&gt;</string>
		</dict>
		<key>0FF23C0B18F8A2DB00B2F693</key>
		<dict>
			<key>fileRef</key>
			<string>0FF23C0A18F8A2DB00B2F693</string>
			<key>isa</key>
			<string>PBXBuildFile</string>
		</dict>
		<key>0FF23C0C18F8A2DB00B2F693</key>
		<dict>
			<key>buildSettings</key>
			<dict>
				<key>ALWAYS_SEARCH_USER_PATHS</key>
				<string>NO</string>
				<key>CLANG_CXX_LANGUAGE_STANDARD</key>
				<string>gnu++0x</string>
				<key>CLANG_CXX_LIBRARY</key>
				<string>libc++</string>
				<key>CLANG_ENABLE_MODULES</key>
				<string>YES</string>
				<key>CLANG_ENABLE_OBJC_ARC</key>
				<string>YES</string>
				<key>CLANG_WARN_BOOL_CONVERSION</key>
				<string>YES</string>
				<key>CLANG_WARN_CONSTANT_CONVERSION</key>
				<string>YES</string>
				<key>CLANG_WARN_DIRECT_OBJC_ISA_USAGE</key>
				<string>YES_ERROR</string>
				<key>CLANG_WARN_EMPTY_BODY</key>
				<string>YES</string>
				<key>CLANG_WARN_ENUM_CONVERSION</key>
				<string>YES</string>
				<key>CLANG_WARN_INT_CONVERSION</key>
				<string>YES</string>
				<key>CLANG_WARN_OBJC_ROOT_CLASS</key>
				<string>YES_ERROR</string>
				<key>CLANG_WARN__DUPLICATE_METHOD_MATCH</key>
				<string>YES</string>
				<key>CODE_SIGN_IDENTITY[sdk=iphoneos*]</key>
				<string>iPhone Developer</string>
				<key>COPY_PHASE_STRIP</key>
				<string>NO</string>
				<key>GCC_C_LANGUAGE_STANDARD</key>
				<string>gnu99</string>
				<key>GCC_DYNAMIC_NO_PIC</key>
				<string>NO</string>
				<key>GCC_OPTIMIZATION_LEVEL</key>
				<string>0</string>
				<key>GCC_PREPROCESSOR_DEFINITIONS</key>
				<array>
					<string>DEBUG=1</string>
					<string>$(inherited)</string>
				</array>
				<key>GCC_SYMBOLS_PRIVATE_EXTERN</key>
				<string>NO</string>
				<key>GCC_WARN_64_TO_32_BIT_CONVERSION</key>
				<string>YES</string>
				<key>GCC_WARN_ABOUT_RETURN_TYPE</key>
				<string>YES_ERROR</string>
				<key>GCC_WARN_UNDECLARED_SELECTOR</key>
				<string>YES</string>
				<key>GCC_WARN_UNINITIALIZED_AUTOS</key>
				<string>YES</string>
				<key>GCC_WARN_UNUSED_FUNCTION</key>
				<string>YES</string>
				<key>GCC_WARN_UNUSED_VARIABLE</key>
				<string>YES</string>
				<key>IPHONEOS_DEPLOYMENT_TARGET</key>
				<string>7.0</string>
				<key>ONLY_ACTIVE_ARCH</key>
				<string>YES</string>
				<key>SDKROOT</key>
				<string>iphoneos</string>
			</dict>
			<key>isa</key>
			<string>XCBuildConfiguration</string>
			<key>name</key>
			<string>Debug</string>
		</dict>
		<key>0FF23C0D18F8A2DB00B2F693</key>
		<dict>
			<key>buildSettings</key>
			<dict>
				<key>ALWAYS_SEARCH_USER_PATHS</key>
				<string>NO</string>
				<key>CLANG_CXX_LANGUAGE_STANDARD</key>
				<string>gnu++0x</string>
				<key>CLANG_CXX_LIBRARY</key>
				<string>libc++</string>
				<key>CLANG_ENABLE_MODULES</key>
				<string>YES</string>
				<key>CLANG_ENABLE_OBJC_ARC</key>
				<string>YES</string>
				<key>CLANG_WARN_BOOL_CONVERSION</key>
				<string>YES</string>
				<key>CLANG_WARN_CONSTANT_CONVERSION</key>
				<string>YES</string>
				<key>CLANG_WARN_DIRECT_OBJC_ISA_USAGE</key>
				<string>YES_ERROR</string>
				<key>CLANG_WARN_EMPTY_BODY</key>
				<string>YES</string>
				<key>CLANG_WARN_ENUM_CONVERSION</key>
				<string>YES</string>
				<key>CLANG_WARN_INT_CONVERSION</key>
				<string>YES</string>
				<key>CLANG_WARN_OBJC_ROOT_CLASS</key>
				<string>YES_ERROR</string>
				<key>CLANG_WARN__DUPLICATE_METHOD_MATCH</key>
				<string>YES</string>
				<key>CODE_SIGN_IDENTITY[sdk=iphoneos*]</key>
				<string>iPhone Developer</string>
				<key>COPY_PHASE_STRIP</key>
				<string>YES</string>
				<key>ENABLE_NS_ASSERTIONS</key>
				<string>NO</string>
				<key>GCC_C_LANGUAGE_STANDARD</key>
				<string>gnu99</string>
				<key>GCC_WARN_64_TO_32_BIT_CONVERSION</key>
				<string>YES</string>
				<key>GCC_WARN_ABOUT_RETURN_TYPE</key>
				<string>YES_ERROR</string>
				<key>GCC_WARN_UNDECLARED_SELECTOR</key>
				<string>YES</string>
				<key>GCC_WARN_UNINITIALIZED_AUTOS</key>
				<string>YES</string>
				<key>GCC_WARN_UNUSED_FUNCTION</key>
				<string>YES</string>
				<key>GCC_WARN_UNUSED_VARIABLE</key>
				<string>YES</string>
				<key>IPHONEOS_DEPLOYMENT_TARGET</key>
				<string>7.0</string>
				<key>SDKROOT</key>
				<string>iphoneos</string>
				<key>VALIDATE_PRODUCT</key>
				<string>YES</string>
			</dict>
			<key>isa</key>
			<string>XCBuildConfiguration</string>
			<key>name</key>
			<string>Release</string>
		</dict>
		<key>0FF23C0E18F8A2DB00B2F693</key>
		<dict>
			<key>buildConfigurations</key>
			<array>
				<string>0FF23C0F18F8A2DB00B2F693</string>
				<string>0FF23C1018F8A2DB00B2F693</string>
			</array>
			<key>defaultConfigurationIsVisible</key>
			<string>0</string>
			<key>defaultConfigurationName</key>
			<string>Release</string>
			<key>isa</key>
			<string>XCConfigurationList</string>
		</dict>
		<key>0FF23C0F18F8A2DB00B2F693</key>
		<dict>
			<key>baseConfigurationReference</key>
			<string>0A2CA183ED154D1289083553</string>
			<key>buildSettings</key>
			<dict>
				<key>ASSETCATALOG_COMPILER_APPICON_NAME</key>
				<string>AppIcon</string>
				<key>ASSETCATALOG_COMPILER_LAUNCHIMAGE_NAME</key>
				<string>LaunchImage</string>
				<key>FRAMEWORK_SEARCH_PATHS</key>
				<array>
					<string>$(inherited)</string>
					<string>/Users/max/Documents/FacebookSDK</string>
					<string>$(PROJECT_DIR)</string>
					<string>/Users/WeiPingLiao/Documents/FacebookSDK</string>
				</array>
				<key>GCC_PRECOMPILE_PREFIX_HEADER</key>
				<string>YES</string>
				<key>GCC_PREFIX_HEADER</key>
				<string>CollegeTickr/CollegeTickr-Prefix.pch</string>
				<key>INFOPLIST_FILE</key>
				<string>CollegeTickr/CollegeTickr-Info.plist</string>
				<key>PRODUCT_NAME</key>
				<string>$(TARGET_NAME)</string>
				<key>WRAPPER_EXTENSION</key>
				<string>app</string>
			</dict>
			<key>isa</key>
			<string>XCBuildConfiguration</string>
			<key>name</key>
			<string>Debug</string>
		</dict>
		<key>0FF23C1018F8A2DB00B2F693</key>
		<dict>
			<key>baseConfigurationReference</key>
			<string>0A2CA183ED154D1289083553</string>
			<key>buildSettings</key>
			<dict>
				<key>ASSETCATALOG_COMPILER_APPICON_NAME</key>
				<string>AppIcon</string>
				<key>ASSETCATALOG_COMPILER_LAUNCHIMAGE_NAME</key>
				<string>LaunchImage</string>
				<key>FRAMEWORK_SEARCH_PATHS</key>
				<array>
					<string>$(inherited)</string>
					<string>/Users/max/Documents/FacebookSDK</string>
					<string>$(PROJECT_DIR)</string>
					<string>/Users/WeiPingLiao/Documents/FacebookSDK</string>
				</array>
				<key>GCC_PRECOMPILE_PREFIX_HEADER</key>
				<string>YES</string>
				<key>GCC_PREFIX_HEADER</key>
				<string>CollegeTickr/CollegeTickr-Prefix.pch</string>
				<key>INFOPLIST_FILE</key>
				<string>CollegeTickr/CollegeTickr-Info.plist</string>
				<key>PRODUCT_NAME</key>
				<string>$(TARGET_NAME)</string>
				<key>WRAPPER_EXTENSION</key>
				<string>app</string>
			</dict>
			<key>isa</key>
			<string>XCBuildConfiguration</string>
			<key>name</key>
			<string>Release</string>
		</dict>
		<key>0FF23C1118F8A2DB00B2F693</key>
		<dict>
			<key>buildConfigurations</key>
			<array>
				<string>0FF23C1218F8A2DB00B2F693</string>
				<string>0FF23C1318F8A2DB00B2F693</string>
			</array>
			<key>defaultConfigurationIsVisible</key>
			<string>0</string>
			<key>defaultConfigurationName</key>
			<string>Release</string>
			<key>isa</key>
			<string>XCConfigurationList</string>
		</dict>
		<key>0FF23C1218F8A2DB00B2F693</key>
		<dict>
			<key>buildSettings</key>
			<dict>
				<key>BUNDLE_LOADER</key>
				<string>$(BUILT_PRODUCTS_DIR)/CollegeTickr.app/CollegeTickr</string>
				<key>FRAMEWORK_SEARCH_PATHS</key>
				<array>
					<string>$(SDKROOT)/Developer/Library/Frameworks</string>
					<string>$(inherited)</string>
					<string>$(DEVELOPER_FRAMEWORKS_DIR)</string>
				</array>
				<key>GCC_PRECOMPILE_PREFIX_HEADER</key>
				<string>YES</string>
				<key>GCC_PREFIX_HEADER</key>
				<string>CollegeTickr/CollegeTickr-Prefix.pch</string>
				<key>GCC_PREPROCESSOR_DEFINITIONS</key>
				<array>
					<string>DEBUG=1</string>
					<string>$(inherited)</string>
				</array>
				<key>INFOPLIST_FILE</key>
				<string>CollegeTickrTests/CollegeTickrTests-Info.plist</string>
				<key>PRODUCT_NAME</key>
				<string>$(TARGET_NAME)</string>
				<key>TEST_HOST</key>
				<string>$(BUNDLE_LOADER)</string>
				<key>WRAPPER_EXTENSION</key>
				<string>xctest</string>
			</dict>
			<key>isa</key>
			<string>XCBuildConfiguration</string>
			<key>name</key>
			<string>Debug</string>
		</dict>
		<key>0FF23C1318F8A2DB00B2F693</key>
		<dict>
			<key>buildSettings</key>
			<dict>
				<key>BUNDLE_LOADER</key>
				<string>$(BUILT_PRODUCTS_DIR)/CollegeTickr.app/CollegeTickr</string>
				<key>FRAMEWORK_SEARCH_PATHS</key>
				<array>
					<string>$(SDKROOT)/Developer/Library/Frameworks</string>
					<string>$(inherited)</string>
					<string>$(DEVELOPER_FRAMEWORKS_DIR)</string>
				</array>
				<key>GCC_PRECOMPILE_PREFIX_HEADER</key>
				<string>YES</string>
				<key>GCC_PREFIX_HEADER</key>
				<string>CollegeTickr/CollegeTickr-Prefix.pch</string>
				<key>INFOPLIST_FILE</key>
				<string>CollegeTickrTests/CollegeTickrTests-Info.plist</string>
				<key>PRODUCT_NAME</key>
				<string>$(TARGET_NAME)</string>
				<key>TEST_HOST</key>
				<string>$(BUNDLE_LOADER)</string>
				<key>WRAPPER_EXTENSION</key>
				<string>xctest</string>
			</dict>
			<key>isa</key>
			<string>XCBuildConfiguration</string>
			<key>name</key>
			<string>Release</string>
		</dict>
		<key>423F2F7319009E79007A356F</key>
		<dict>
			<key>isa</key>
			<string>PBXFileReference</string>
			<key>lastKnownFileType</key>
			<string>wrapper.framework</string>
			<key>name</key>
			<string>FacebookSDK.framework</string>
			<key>path</key>
			<string>../../../Documents/FacebookSDK/FacebookSDK.framework</string>
			<key>sourceTree</key>
			<string>&lt;group&gt;</string>
		</dict>
		<key>423F2F7419009E79007A356F</key>
		<dict>
			<key>fileRef</key>
			<string>423F2F7319009E79007A356F</string>
			<key>isa</key>
			<string>PBXBuildFile</string>
		</dict>
		<key>423F2F781900A72D007A356F</key>
		<dict>
			<key>fileEncoding</key>
			<string>4</string>
			<key>isa</key>
			<string>PBXFileReference</string>
			<key>lastKnownFileType</key>
			<string>sourcecode.c.h</string>
			<key>path</key>
			<string>CTMainViewController.h</string>
			<key>sourceTree</key>
			<string>&lt;group&gt;</string>
		</dict>
		<key>423F2F791900A72D007A356F</key>
		<dict>
			<key>fileEncoding</key>
			<string>4</string>
			<key>isa</key>
			<string>PBXFileReference</string>
			<key>lastKnownFileType</key>
			<string>sourcecode.c.objc</string>
			<key>path</key>
			<string>CTMainViewController.m</string>
			<key>sourceTree</key>
			<string>&lt;group&gt;</string>
		</dict>
		<key>423F2F7A1900A72D007A356F</key>
		<dict>
			<key>fileRef</key>
			<string>423F2F791900A72D007A356F</string>
			<key>isa</key>
			<string>PBXBuildFile</string>
		</dict>
		<key>4273C68E19071D7500E68CA9</key>
		<dict>
			<key>fileEncoding</key>
			<string>4</string>
			<key>isa</key>
			<string>PBXFileReference</string>
			<key>lastKnownFileType</key>
			<string>sourcecode.c.h</string>
			<key>path</key>
			<string>CTShareViewController.h</string>
			<key>sourceTree</key>
			<string>&lt;group&gt;</string>
		</dict>
		<key>4273C68F19071D7500E68CA9</key>
		<dict>
			<key>fileEncoding</key>
			<string>4</string>
			<key>isa</key>
			<string>PBXFileReference</string>
			<key>lastKnownFileType</key>
			<string>sourcecode.c.objc</string>
			<key>path</key>
			<string>CTShareViewController.m</string>
			<key>sourceTree</key>
			<string>&lt;group&gt;</string>
		</dict>
		<key>4273C69019071D7500E68CA9</key>
		<dict>
			<key>fileRef</key>
			<string>4273C68F19071D7500E68CA9</string>
			<key>isa</key>
			<string>PBXBuildFile</string>
		</dict>
		<key>4286436C1936E8EC00151EEE</key>
		<dict>
			<key>fileEncoding</key>
			<string>4</string>
			<key>isa</key>
			<string>PBXFileReference</string>
			<key>lastKnownFileType</key>
			<string>sourcecode.c.h</string>
			<key>path</key>
			<string>SLGlowingTextField.h</string>
			<key>sourceTree</key>
			<string>&lt;group&gt;</string>
		</dict>
		<key>4286436D1936E8EC00151EEE</key>
		<dict>
			<key>fileEncoding</key>
			<string>4</string>
			<key>isa</key>
			<string>PBXFileReference</string>
			<key>lastKnownFileType</key>
			<string>sourcecode.c.objc</string>
			<key>path</key>
			<string>SLGlowingTextField.m</string>
			<key>sourceTree</key>
			<string>&lt;group&gt;</string>
		</dict>
		<key>4286436E1936E8EC00151EEE</key>
		<dict>
			<key>fileRef</key>
			<string>4286436D1936E8EC00151EEE</string>
			<key>isa</key>
			<string>PBXBuildFile</string>
		</dict>
		<key>429BDE9C191043E50044E25F</key>
		<dict>
			<key>children</key>
			<array>
				<string>4286436C1936E8EC00151EEE</string>
				<string>4286436D1936E8EC00151EEE</string>
				<string>429BDE9D191044060044E25F</string>
				<string>429BDE9E191044060044E25F</string>
				<string>429BDEA31910609B0044E25F</string>
				<string>429BDEA41910609B0044E25F</string>
				<string>42C1434C1912239D009E3203</string>
				<string>42C1434D1912239D009E3203</string>
				<string>42C143511912255B009E3203</string>
				<string>42C143581913075B009E3203</string>
				<string>42C143591913075B009E3203</string>
				<string>42C1435E19134272009E3203</string>
				<string>42C1435B191307D7009E3203</string>
				<string>42C1435C191307D7009E3203</string>
				<string>42C1435F191345FB009E3203</string>
				<string>42C14360191345FB009E3203</string>
			</array>
			<key>isa</key>
			<string>PBXGroup</string>
			<key>name</key>
			<string>CustomUI</string>
			<key>sourceTree</key>
			<string>&lt;group&gt;</string>
		</dict>
		<key>429BDE9D191044060044E25F</key>
		<dict>
			<key>fileEncoding</key>
			<string>4</string>
			<key>isa</key>
			<string>PBXFileReference</string>
			<key>lastKnownFileType</key>
			<string>sourcecode.c.h</string>
			<key>path</key>
			<string>CTPostCell.h</string>
			<key>sourceTree</key>
			<string>&lt;group&gt;</string>
		</dict>
		<key>429BDE9E191044060044E25F</key>
		<dict>
			<key>fileEncoding</key>
			<string>4</string>
			<key>isa</key>
			<string>PBXFileReference</string>
			<key>lastKnownFileType</key>
			<string>sourcecode.c.objc</string>
			<key>path</key>
			<string>CTPostCell.m</string>
			<key>sourceTree</key>
			<string>&lt;group&gt;</string>
		</dict>
		<key>429BDE9F191044060044E25F</key>
		<dict>
			<key>fileRef</key>
			<string>429BDE9E191044060044E25F</string>
			<key>isa</key>
			<string>PBXBuildFile</string>
		</dict>
		<key>429BDEA0191056A80044E25F</key>
		<dict>
			<key>fileEncoding</key>
			<string>4</string>
			<key>isa</key>
			<string>PBXFileReference</string>
			<key>lastKnownFileType</key>
			<string>sourcecode.c.h</string>
			<key>path</key>
			<string>CTPostViewController.h</string>
			<key>sourceTree</key>
			<string>&lt;group&gt;</string>
		</dict>
		<key>429BDEA1191056A80044E25F</key>
		<dict>
			<key>fileEncoding</key>
			<string>4</string>
			<key>isa</key>
			<string>PBXFileReference</string>
			<key>lastKnownFileType</key>
			<string>sourcecode.c.objc</string>
			<key>path</key>
			<string>CTPostViewController.m</string>
			<key>sourceTree</key>
			<string>&lt;group&gt;</string>
		</dict>
		<key>429BDEA2191056A80044E25F</key>
		<dict>
			<key>fileRef</key>
			<string>429BDEA1191056A80044E25F</string>
			<key>isa</key>
			<string>PBXBuildFile</string>
		</dict>
		<key>429BDEA31910609B0044E25F</key>
		<dict>
			<key>fileEncoding</key>
			<string>4</string>
			<key>isa</key>
			<string>PBXFileReference</string>
			<key>lastKnownFileType</key>
			<string>sourcecode.c.h</string>
			<key>path</key>
			<string>CTCommentCell.h</string>
			<key>sourceTree</key>
			<string>&lt;group&gt;</string>
		</dict>
		<key>429BDEA41910609B0044E25F</key>
		<dict>
			<key>fileEncoding</key>
			<string>4</string>
			<key>isa</key>
			<string>PBXFileReference</string>
			<key>lastKnownFileType</key>
			<string>sourcecode.c.objc</string>
			<key>path</key>
			<string>CTCommentCell.m</string>
			<key>sourceTree</key>
			<string>&lt;group&gt;</string>
		</dict>
		<key>429BDEA51910609B0044E25F</key>
		<dict>
			<key>fileRef</key>
			<string>429BDEA41910609B0044E25F</string>
			<key>isa</key>
			<string>PBXBuildFile</string>
		</dict>
		<key>42C1434C1912239D009E3203</key>
		<dict>
			<key>fileEncoding</key>
			<string>4</string>
			<key>isa</key>
			<string>PBXFileReference</string>
			<key>lastKnownFileType</key>
			<string>sourcecode.c.h</string>
			<key>path</key>
			<string>CTBounceMenuView.h</string>
			<key>sourceTree</key>
			<string>&lt;group&gt;</string>
		</dict>
		<key>42C1434D1912239D009E3203</key>
		<dict>
			<key>fileEncoding</key>
			<string>4</string>
			<key>isa</key>
			<string>PBXFileReference</string>
			<key>lastKnownFileType</key>
			<string>sourcecode.c.objc</string>
			<key>path</key>
			<string>CTBounceMenuView.m</string>
			<key>sourceTree</key>
			<string>&lt;group&gt;</string>
		</dict>
		<key>42C1434E1912239D009E3203</key>
		<dict>
			<key>fileRef</key>
			<string>42C1434D1912239D009E3203</string>
			<key>isa</key>
			<string>PBXBuildFile</string>
		</dict>
		<key>42C143511912255B009E3203</key>
		<dict>
			<key>fileEncoding</key>
			<string>4</string>
			<key>isa</key>
			<string>PBXFileReference</string>
			<key>lastKnownFileType</key>
			<string>file.xib</string>
			<key>path</key>
			<string>CTBounceMenuView.xib</string>
			<key>sourceTree</key>
			<string>&lt;group&gt;</string>
		</dict>
		<key>42C143521912255B009E3203</key>
		<dict>
			<key>fileRef</key>
			<string>42C143511912255B009E3203</string>
			<key>isa</key>
			<string>PBXBuildFile</string>
		</dict>
		<key>42C1435319123676009E3203</key>
		<dict>
			<key>isa</key>
			<string>PBXFileReference</string>
			<key>lastKnownFileType</key>
			<string>folder.assetcatalog</string>
			<key>path</key>
			<string>Images.xcassets</string>
			<key>sourceTree</key>
			<string>&lt;group&gt;</string>
		</dict>
		<key>42C1435419123676009E3203</key>
		<dict>
			<key>fileRef</key>
			<string>42C1435319123676009E3203</string>
			<key>isa</key>
			<string>PBXBuildFile</string>
		</dict>
		<key>42C143581913075B009E3203</key>
		<dict>
			<key>fileEncoding</key>
			<string>4</string>
			<key>isa</key>
			<string>PBXFileReference</string>
			<key>lastKnownFileType</key>
			<string>sourcecode.c.h</string>
			<key>path</key>
			<string>AFPopupView.h</string>
			<key>sourceTree</key>
			<string>&lt;group&gt;</string>
		</dict>
		<key>42C143591913075B009E3203</key>
		<dict>
			<key>fileEncoding</key>
			<string>4</string>
			<key>isa</key>
			<string>PBXFileReference</string>
			<key>lastKnownFileType</key>
			<string>sourcecode.c.objc</string>
			<key>path</key>
			<string>AFPopupView.m</string>
			<key>sourceTree</key>
			<string>&lt;group&gt;</string>
		</dict>
		<key>42C1435A1913075B009E3203</key>
		<dict>
			<key>fileRef</key>
			<string>42C143591913075B009E3203</string>
			<key>isa</key>
			<string>PBXBuildFile</string>
		</dict>
		<key>42C1435B191307D7009E3203</key>
		<dict>
			<key>fileEncoding</key>
			<string>4</string>
			<key>isa</key>
			<string>PBXFileReference</string>
			<key>lastKnownFileType</key>
			<string>sourcecode.c.h</string>
			<key>path</key>
			<string>CTPopupSegue.h</string>
			<key>sourceTree</key>
			<string>&lt;group&gt;</string>
		</dict>
		<key>42C1435C191307D7009E3203</key>
		<dict>
			<key>fileEncoding</key>
			<string>4</string>
			<key>isa</key>
			<string>PBXFileReference</string>
			<key>lastKnownFileType</key>
			<string>sourcecode.c.objc</string>
			<key>path</key>
			<string>CTPopupSegue.m</string>
			<key>sourceTree</key>
			<string>&lt;group&gt;</string>
		</dict>
		<key>42C1435D191307D7009E3203</key>
		<dict>
			<key>fileRef</key>
			<string>42C1435C191307D7009E3203</string>
			<key>isa</key>
			<string>PBXBuildFile</string>
		</dict>
		<key>42C1435E19134272009E3203</key>
		<dict>
			<key>isa</key>
			<string>PBXFileReference</string>
			<key>lastKnownFileType</key>
			<string>sourcecode.c.h</string>
			<key>path</key>
			<string>CTPopupDelegate.h</string>
			<key>sourceTree</key>
			<string>&lt;group&gt;</string>
		</dict>
		<key>42C1435F191345FB009E3203</key>
		<dict>
			<key>fileEncoding</key>
			<string>4</string>
			<key>isa</key>
			<string>PBXFileReference</string>
			<key>lastKnownFileType</key>
			<string>sourcecode.c.h</string>
			<key>path</key>
			<string>CTPopupUnwindSegue.h</string>
			<key>sourceTree</key>
			<string>&lt;group&gt;</string>
		</dict>
		<key>42C14360191345FB009E3203</key>
		<dict>
			<key>fileEncoding</key>
			<string>4</string>
			<key>isa</key>
			<string>PBXFileReference</string>
			<key>lastKnownFileType</key>
			<string>sourcecode.c.objc</string>
			<key>path</key>
			<string>CTPopupUnwindSegue.m</string>
			<key>sourceTree</key>
			<string>&lt;group&gt;</string>
		</dict>
		<key>42C14361191345FB009E3203</key>
		<dict>
			<key>fileRef</key>
			<string>42C14360191345FB009E3203</string>
			<key>isa</key>
			<string>PBXBuildFile</string>
		</dict>
		<key>42CE534919369A15003909FF</key>
		<dict>
			<key>fileEncoding</key>
			<string>4</string>
			<key>isa</key>
			<string>PBXFileReference</string>
			<key>lastKnownFileType</key>
			<string>sourcecode.c.h</string>
			<key>path</key>
			<string>CTDataModelReader+Canvas.h</string>
			<key>sourceTree</key>
			<string>&lt;group&gt;</string>
		</dict>
		<key>42CE534A19369A15003909FF</key>
		<dict>
			<key>fileEncoding</key>
			<string>4</string>
			<key>isa</key>
			<string>PBXFileReference</string>
			<key>lastKnownFileType</key>
			<string>sourcecode.c.objc</string>
			<key>path</key>
			<string>CTDataModelReader+Canvas.m</string>
			<key>sourceTree</key>
			<string>&lt;group&gt;</string>
		</dict>
		<key>42CE534B19369A15003909FF</key>
		<dict>
			<key>fileRef</key>
			<string>42CE534A19369A15003909FF</string>
			<key>isa</key>
			<string>PBXBuildFile</string>
		</dict>
		<key>5053928F18FFB66C001E6332</key>
		<dict>
			<key>fileEncoding</key>
			<string>4</string>
			<key>isa</key>
			<string>PBXFileReference</string>
			<key>lastKnownFileType</key>
			<string>sourcecode.c.h</string>
			<key>path</key>
			<string>MyTokenCachingStrategy.h</string>
			<key>sourceTree</key>
			<string>&lt;group&gt;</string>
		</dict>
		<key>5053929018FFB66C001E6332</key>
		<dict>
			<key>fileEncoding</key>
			<string>4</string>
			<key>isa</key>
			<string>PBXFileReference</string>
			<key>lastKnownFileType</key>
			<string>sourcecode.c.objc</string>
			<key>path</key>
			<string>MyTokenCachingStrategy.m</string>
			<key>sourceTree</key>
			<string>&lt;group&gt;</string>
		</dict>
		<key>5053929118FFB66C001E6332</key>
		<dict>
			<key>fileRef</key>
			<string>5053929018FFB66C001E6332</string>
			<key>isa</key>
			<string>PBXBuildFile</string>
		</dict>
		<key>5053929318FFC41C001E6332</key>
		<dict>
			<key>children</key>
			<array>
				<string>50D8C1571909B4BD006EA1D3</string>
				<string>50D8C1581909B4BD006EA1D3</string>
				<string>5053928F18FFB66C001E6332</string>
				<string>5053929018FFB66C001E6332</string>
				<string>50A828DC1907994E0001A968</string>
				<string>50A828DD1907994E0001A968</string>
			</array>
			<key>isa</key>
			<string>PBXGroup</string>
			<key>name</key>
			<string>FB</string>
			<key>sourceTree</key>
			<string>&lt;group&gt;</string>
		</dict>
		<key>50A828DA1904FB8D0001A968</key>
		<dict>
			<key>isa</key>
			<string>PBXFileReference</string>
			<key>lastKnownFileType</key>
			<string>wrapper.framework</string>
			<key>path</key>
			<string>FacebookSDK.framework</string>
			<key>sourceTree</key>
			<string>&lt;group&gt;</string>
		</dict>
		<key>50A828DB1904FB8D0001A968</key>
		<dict>
			<key>fileRef</key>
			<string>50A828DA1904FB8D0001A968</string>
			<key>isa</key>
			<string>PBXBuildFile</string>
		</dict>
		<key>50A828DC1907994E0001A968</key>
		<dict>
			<key>fileEncoding</key>
			<string>4</string>
			<key>isa</key>
			<string>PBXFileReference</string>
			<key>lastKnownFileType</key>
			<string>sourcecode.c.h</string>
			<key>path</key>
			<string>FB_Info.h</string>
			<key>sourceTree</key>
			<string>&lt;group&gt;</string>
		</dict>
		<key>50A828DD1907994E0001A968</key>
		<dict>
			<key>fileEncoding</key>
			<string>4</string>
			<key>isa</key>
			<string>PBXFileReference</string>
			<key>lastKnownFileType</key>
			<string>sourcecode.c.objc</string>
			<key>path</key>
			<string>FB_Info.m</string>
			<key>sourceTree</key>
			<string>&lt;group&gt;</string>
		</dict>
		<key>50A828DE1907994E0001A968</key>
		<dict>
			<key>fileRef</key>
			<string>50A828DD1907994E0001A968</string>
			<key>isa</key>
			<string>PBXBuildFile</string>
		</dict>
		<key>50D8C14D1909B32F006EA1D3</key>
		<dict>
			<key>fileEncoding</key>
			<string>4</string>
			<key>isa</key>
			<string>PBXFileReference</string>
			<key>lastKnownFileType</key>
			<string>sourcecode.c.h</string>
			<key>path</key>
			<string>CTUserModel.h</string>
			<key>sourceTree</key>
			<string>&lt;group&gt;</string>
		</dict>
		<key>50D8C14E1909B32F006EA1D3</key>
		<dict>
			<key>fileEncoding</key>
			<string>4</string>
			<key>isa</key>
			<string>PBXFileReference</string>
			<key>lastKnownFileType</key>
			<string>sourcecode.c.objc</string>
			<key>path</key>
			<string>CTUserModel.m</string>
			<key>sourceTree</key>
			<string>&lt;group&gt;</string>
		</dict>
		<key>50D8C14F1909B32F006EA1D3</key>
		<dict>
			<key>fileRef</key>
			<string>50D8C14E1909B32F006EA1D3</string>
			<key>isa</key>
			<string>PBXBuildFile</string>
		</dict>
		<key>50D8C1501909B33C006EA1D3</key>
		<dict>
			<key>fileEncoding</key>
			<string>4</string>
			<key>isa</key>
			<string>PBXFileReference</string>
			<key>lastKnownFileType</key>
			<string>sourcecode.c.h</string>
			<key>path</key>
			<string>CTSecretModel.h</string>
			<key>sourceTree</key>
			<string>&lt;group&gt;</string>
		</dict>
		<key>50D8C1511909B33C006EA1D3</key>
		<dict>
			<key>fileEncoding</key>
			<string>4</string>
			<key>isa</key>
			<string>PBXFileReference</string>
			<key>lastKnownFileType</key>
			<string>sourcecode.c.objc</string>
			<key>path</key>
			<string>CTSecretModel.m</string>
			<key>sourceTree</key>
			<string>&lt;group&gt;</string>
		</dict>
		<key>50D8C1521909B33C006EA1D3</key>
		<dict>
			<key>fileRef</key>
			<string>50D8C1511909B33C006EA1D3</string>
			<key>isa</key>
			<string>PBXBuildFile</string>
		</dict>
		<key>50D8C1531909B34C006EA1D3</key>
		<dict>
			<key>fileEncoding</key>
			<string>4</string>
			<key>isa</key>
			<string>PBXFileReference</string>
			<key>lastKnownFileType</key>
			<string>sourcecode.c.h</string>
			<key>path</key>
			<string>CTCommentModel.h</string>
			<key>sourceTree</key>
			<string>&lt;group&gt;</string>
		</dict>
		<key>50D8C1541909B34C006EA1D3</key>
		<dict>
			<key>fileEncoding</key>
			<string>4</string>
			<key>isa</key>
			<string>PBXFileReference</string>
			<key>lastKnownFileType</key>
			<string>sourcecode.c.objc</string>
			<key>path</key>
			<string>CTCommentModel.m</string>
			<key>sourceTree</key>
			<string>&lt;group&gt;</string>
		</dict>
		<key>50D8C1551909B34C006EA1D3</key>
		<dict>
			<key>fileRef</key>
			<string>50D8C1541909B34C006EA1D3</string>
			<key>isa</key>
			<string>PBXBuildFile</string>
		</dict>
		<key>50D8C1561909B356006EA1D3</key>
		<dict>
			<key>children</key>
			<array>
				<string>50D8C14D1909B32F006EA1D3</string>
				<string>50D8C14E1909B32F006EA1D3</string>
				<string>50D8C1501909B33C006EA1D3</string>
				<string>50D8C1511909B33C006EA1D3</string>
				<string>50D8C1531909B34C006EA1D3</string>
				<string>50D8C1541909B34C006EA1D3</string>
				<string>0FD0BD6D1909B64C006459A7</string>
				<string>0FD0BD6E1909B64C006459A7</string>
				<string>42CE534919369A15003909FF</string>
				<string>42CE534A19369A15003909FF</string>
			</array>
			<key>isa</key>
			<string>PBXGroup</string>
			<key>name</key>
			<string>DataModel</string>
			<key>sourceTree</key>
			<string>&lt;group&gt;</string>
		</dict>
		<key>50D8C1571909B4BD006EA1D3</key>
		<dict>
			<key>fileEncoding</key>
			<string>4</string>
			<key>isa</key>
			<string>PBXFileReference</string>
			<key>lastKnownFileType</key>
			<string>sourcecode.c.h</string>
			<key>path</key>
			<string>CTFBManager.h</string>
			<key>sourceTree</key>
			<string>&lt;group&gt;</string>
		</dict>
		<key>50D8C1581909B4BD006EA1D3</key>
		<dict>
			<key>fileEncoding</key>
			<string>4</string>
			<key>isa</key>
			<string>PBXFileReference</string>
			<key>lastKnownFileType</key>
			<string>sourcecode.c.objc</string>
			<key>path</key>
			<string>CTFBManager.m</string>
			<key>sourceTree</key>
			<string>&lt;group&gt;</string>
		</dict>
		<key>50D8C1591909B4BD006EA1D3</key>
		<dict>
			<key>fileRef</key>
			<string>50D8C1581909B4BD006EA1D3</string>
			<key>isa</key>
			<string>PBXBuildFile</string>
		</dict>
		<key>66F75D7C298B46F99E3B3A68</key>
		<dict>
			<key>fileRef</key>
			<string>7E7E7ECAEB1C4E6DBABD03F0</string>
			<key>isa</key>
			<string>PBXBuildFile</string>
		</dict>
		<key>7E7E7ECAEB1C4E6DBABD03F0</key>
		<dict>
			<key>explicitFileType</key>
			<string>archive.ar</string>
			<key>includeInIndex</key>
			<string>0</string>
			<key>isa</key>
			<string>PBXFileReference</string>
			<key>path</key>
			<string>libPods.a</string>
			<key>sourceTree</key>
			<string>BUILT_PRODUCTS_DIR</string>
		</dict>
		<key>D6C6929BE5544ED7B422C0C6</key>
		<dict>
			<key>buildActionMask</key>
			<string>2147483647</string>
			<key>files</key>
			<array/>
			<key>inputPaths</key>
			<array/>
			<key>isa</key>
			<string>PBXShellScriptBuildPhase</string>
			<key>name</key>
			<string>Check Pods Manifest.lock</string>
			<key>outputPaths</key>
			<array/>
			<key>runOnlyForDeploymentPostprocessing</key>
			<string>0</string>
			<key>shellPath</key>
			<string>/bin/sh</string>
			<key>shellScript</key>
			<string>diff "${PODS_ROOT}/../Podfile.lock" "${PODS_ROOT}/Manifest.lock" &gt; /dev/null
if [[ $? != 0 ]] ; then
    cat &lt;&lt; EOM
error: The sandbox is not in sync with the Podfile.lock. Run 'pod install' or update your CocoaPods installation.
EOM
    exit 1
fi
</string>
			<key>showEnvVarsInLog</key>
			<string>0</string>
		</dict>
		<key>E2F611D65F4B4E8BBB1A3536</key>
		<dict>
			<key>buildActionMask</key>
			<string>2147483647</string>
			<key>files</key>
			<array/>
			<key>inputPaths</key>
			<array/>
			<key>isa</key>
			<string>PBXShellScriptBuildPhase</string>
			<key>name</key>
			<string>Copy Pods Resources</string>
			<key>outputPaths</key>
			<array/>
			<key>runOnlyForDeploymentPostprocessing</key>
			<string>0</string>
			<key>shellPath</key>
			<string>/bin/sh</string>
			<key>shellScript</key>
			<string>"${SRCROOT}/Pods/Pods-resources.sh"
</string>
			<key>showEnvVarsInLog</key>
			<string>0</string>
		</dict>
	</dict>
	<key>rootObject</key>
	<string>0FF23BD418F8A2DA00B2F693</string>
</dict>
</plist>
